<?xml version="1.0" encoding="utf-8"?>
<Project ToolsVersion="4.0" xmlns="http://schemas.microsoft.com/developer/msbuild/2003">
  <ItemGroup>
    <Filter Include="Header Files">
      <UniqueIdentifier>{7d4119ac-0145-4cb4-9333-0431b3668a8b}</UniqueIdentifier>
    </Filter>
    <Filter Include="Source Files">
      <UniqueIdentifier>{cc407ffb-696a-443c-adfb-67f25ce9350b}</UniqueIdentifier>
    </Filter>
    <Filter Include="Source Files\google">
      <UniqueIdentifier>{3a37f2a2-e91b-49c6-814e-ea949c76761c}</UniqueIdentifier>
    </Filter>
    <Filter Include="Source Files\google\protobuf">
      <UniqueIdentifier>{3ff780c8-7796-44c7-8130-458f9d8b59c0}</UniqueIdentifier>
    </Filter>
    <Filter Include="Source Files\google\protobuf\io">
      <UniqueIdentifier>{01c1cac3-bd1e-43d1-afde-89b8fe404821}</UniqueIdentifier>
    </Filter>
    <Filter Include="Source Files\google\protobuf\compiler">
      <UniqueIdentifier>{c693511b-b741-42fa-9187-ea31de6a40ab}</UniqueIdentifier>
    </Filter>
    <Filter Include="Source Files\google\protobuf\util">
      <UniqueIdentifier>{3f72c8d5-5043-4bb0-9d46-61d73d10d9e2}</UniqueIdentifier>
    </Filter>
    <Filter Include="Source Files\google\protobuf\stubs">
      <UniqueIdentifier>{546a40be-494d-49b4-992c-2e9350e76935}</UniqueIdentifier>
    </Filter>
    <Filter Include="Source Files\google\protobuf\stubs\NewFilter1">
      <UniqueIdentifier>{ca2db9a7-61ee-497c-8b99-9cce0faf64cf}</UniqueIdentifier>
    </Filter>
    <Filter Include="Source Files\google\protobuf\NewFilter1">
      <UniqueIdentifier>{6a322140-8c61-4a26-b821-1289e7f220b2}</UniqueIdentifier>
    </Filter>
    <Filter Include="Source Files\google\protobuf\NewFilter1\NewFilter1">
      <UniqueIdentifier>{418446cc-e07d-4d20-b400-990730b72253}</UniqueIdentifier>
    </Filter>
    <Filter Include="Source Files\google\protobuf\util\NewFilter1">
      <UniqueIdentifier>{ea20a361-4e2f-43c7-8a72-aaa006b66ef6}</UniqueIdentifier>
    </Filter>
    <Filter Include="Source Files\google\protobuf\compiler\NewFilter1">
      <UniqueIdentifier>{e8189cea-8b89-43ff-92d8-e7538128e837}</UniqueIdentifier>
    </Filter>
    <Filter Include="Source Files\google\protobuf\compiler\NewFilter2">
      <UniqueIdentifier>{c0119508-103b-41ad-8c0d-a63dc7bfe2ac}</UniqueIdentifier>
    </Filter>
    <Filter Include="Source Files\google\protobuf\compiler\NewFilter3">
      <UniqueIdentifier>{650dd549-e358-455b-9954-5886ff1cb23a}</UniqueIdentifier>
    </Filter>
    <Filter Include="Source Files\google\protobuf\compiler\NewFilter4">
      <UniqueIdentifier>{b67f8737-4abe-47b3-9bbe-4d54e0374483}</UniqueIdentifier>
    </Filter>
    <Filter Include="Source Files\google\protobuf\compiler\NewFilter5">
      <UniqueIdentifier>{f77aebfb-5543-4fd7-ada1-f1e05bafcf24}</UniqueIdentifier>
    </Filter>
    <Filter Include="Source Files\google\protobuf\compiler\NewFilter6">
      <UniqueIdentifier>{ad9b8aa6-94b9-4cc9-bd5e-1e232f31f7aa}</UniqueIdentifier>
    </Filter>
    <Filter Include="Source Files\google\protobuf\compiler\programming">
      <UniqueIdentifier>{6cb15940-0e9b-4346-b639-a4523ea3c694}</UniqueIdentifier>
    </Filter>
    <Filter Include="Source Files\google\protobuf\compiler\NewFilter7">
      <UniqueIdentifier>{d152ac05-6a2e-479a-91b2-0063ace9c98e}</UniqueIdentifier>
    </Filter>
    <Filter Include="Source Files\google\protobuf\compiler\NewFilter8">
      <UniqueIdentifier>{b44b6daa-46a1-4440-88f4-38aaad5c1e36}</UniqueIdentifier>
    </Filter>
  </ItemGroup>
  <ItemGroup>
    <ClInclude Include="protoc-c\c_bytes_field.h">
      <Filter>Header Files</Filter>
    </ClInclude>
    <ClInclude Include="protoc-c\c_enum.h">
      <Filter>Header Files</Filter>
    </ClInclude>
    <ClInclude Include="protoc-c\c_enum_field.h">
      <Filter>Header Files</Filter>
    </ClInclude>
    <ClInclude Include="protoc-c\c_extension.h">
      <Filter>Header Files</Filter>
    </ClInclude>
    <ClInclude Include="protoc-c\c_field.h">
      <Filter>Header Files</Filter>
    </ClInclude>
    <ClInclude Include="protoc-c\c_file.h">
      <Filter>Header Files</Filter>
    </ClInclude>
    <ClInclude Include="protoc-c\c_generator.h">
      <Filter>Header Files</Filter>
    </ClInclude>
    <ClInclude Include="protoc-c\c_helpers.h">
      <Filter>Header Files</Filter>
    </ClInclude>
    <ClInclude Include="protoc-c\c_message.h">
      <Filter>Header Files</Filter>
    </ClInclude>
    <ClInclude Include="protoc-c\c_message_field.h">
      <Filter>Header Files</Filter>
    </ClInclude>
    <ClInclude Include="protoc-c\c_primitive_field.h">
      <Filter>Header Files</Filter>
    </ClInclude>
    <ClInclude Include="protoc-c\c_service.h">
      <Filter>Header Files</Filter>
    </ClInclude>
    <ClInclude Include="protoc-c\c_string_field.h">
      <Filter>Header Files</Filter>
    </ClInclude>
  </ItemGroup>
  <ItemGroup>
    <ClCompile Include="protoc-c\c_bytes_field.cc">
      <Filter>Source Files</Filter>
    </ClCompile>
    <ClCompile Include="protoc-c\c_enum.cc">
      <Filter>Source Files</Filter>
    </ClCompile>
    <ClCompile Include="protoc-c\c_enum_field.cc">
      <Filter>Source Files</Filter>
    </ClCompile>
    <ClCompile Include="protoc-c\c_extension.cc">
      <Filter>Source Files</Filter>
    </ClCompile>
    <ClCompile Include="protoc-c\c_field.cc">
      <Filter>Source Files</Filter>
    </ClCompile>
    <ClCompile Include="protoc-c\c_file.cc">
      <Filter>Source Files</Filter>
    </ClCompile>
    <ClCompile Include="protoc-c\c_generator.cc">
      <Filter>Source Files</Filter>
    </ClCompile>
    <ClCompile Include="protoc-c\c_helpers.cc">
      <Filter>Source Files</Filter>
    </ClCompile>
    <ClCompile Include="protoc-c\c_message.cc">
      <Filter>Source Files</Filter>
    </ClCompile>
    <ClCompile Include="protoc-c\c_message_field.cc">
      <Filter>Source Files</Filter>
    </ClCompile>
    <ClCompile Include="protoc-c\c_primitive_field.cc">
      <Filter>Source Files</Filter>
    </ClCompile>
    <ClCompile Include="protoc-c\c_service.cc">
      <Filter>Source Files</Filter>
    </ClCompile>
    <ClCompile Include="protoc-c\c_string_field.cc">
      <Filter>Source Files</Filter>
    </ClCompile>
    <ClCompile Include="protoc-c\main.cc">
      <Filter>Source Files</Filter>
    </ClCompile>
    <ClCompile Include="google\protobuf\io\coded_stream.cc">
      <Filter>Source Files\google\protobuf\io</Filter>
    </ClCompile>
    <ClCompile Include="google\protobuf\io\gzip_stream.cc">
      <Filter>Source Files\google\protobuf\io</Filter>
    </ClCompile>
    <ClCompile Include="google\protobuf\io\printer.cc">
      <Filter>Source Files\google\protobuf\io</Filter>
    </ClCompile>
    <ClCompile Include="google\protobuf\io\strtod.cc">
      <Filter>Source Files\google\protobuf\io</Filter>
    </ClCompile>
    <ClCompile Include="google\protobuf\io\tokenizer.cc">
      <Filter>Source Files\google\protobuf\io</Filter>
    </ClCompile>
    <ClCompile Include="google\protobuf\io\zero_copy_stream.cc">
      <Filter>Source Files\google\protobuf\io</Filter>
    </ClCompile>
    <ClCompile Include="google\protobuf\io\zero_copy_stream_impl.cc">
      <Filter>Source Files\google\protobuf\io</Filter>
    </ClCompile>
    <ClCompile Include="google\protobuf\io\zero_copy_stream_impl_lite.cc">
      <Filter>Source Files\google\protobuf\io</Filter>
    </ClCompile>
    <ClCompile Include="google\protobuf\compiler\cpp\cpp_enum.cc">
      <Filter>Source Files\google\protobuf\compiler\programming</Filter>
    </ClCompile>
    <ClCompile Include="google\protobuf\compiler\cpp\cpp_enum_field.cc">
      <Filter>Source Files\google\protobuf\compiler\programming</Filter>
    </ClCompile>
    <ClCompile Include="google\protobuf\compiler\cpp\cpp_extension.cc">
      <Filter>Source Files\google\protobuf\compiler\programming</Filter>
    </ClCompile>
    <ClCompile Include="google\protobuf\compiler\cpp\cpp_field.cc">
      <Filter>Source Files\google\protobuf\compiler\programming</Filter>
    </ClCompile>
    <ClCompile Include="google\protobuf\compiler\cpp\cpp_file.cc">
      <Filter>Source Files\google\protobuf\compiler\programming</Filter>
    </ClCompile>
    <ClCompile Include="google\protobuf\compiler\cpp\cpp_generator.cc">
      <Filter>Source Files\google\protobuf\compiler\programming</Filter>
    </ClCompile>
    <ClCompile Include="google\protobuf\compiler\cpp\cpp_helpers.cc">
      <Filter>Source Files\google\protobuf\compiler\programming</Filter>
    </ClCompile>
    <ClCompile Include="google\protobuf\compiler\cpp\cpp_map_field.cc">
      <Filter>Source Files\google\protobuf\compiler\programming</Filter>
    </ClCompile>
    <ClCompile Include="google\protobuf\compiler\cpp\cpp_message.cc">
      <Filter>Source Files\google\protobuf\compiler\programming</Filter>
    </ClCompile>
    <ClCompile Include="google\protobuf\compiler\cpp\cpp_message_field.cc">
      <Filter>Source Files\google\protobuf\compiler\programming</Filter>
    </ClCompile>
    <ClCompile Include="google\protobuf\compiler\cpp\cpp_primitive_field.cc">
      <Filter>Source Files\google\protobuf\compiler\programming</Filter>
    </ClCompile>
    <ClCompile Include="google\protobuf\compiler\cpp\cpp_service.cc">
      <Filter>Source Files\google\protobuf\compiler\programming</Filter>
    </ClCompile>
    <ClCompile Include="google\protobuf\compiler\cpp\cpp_string_field.cc">
      <Filter>Source Files\google\protobuf\compiler\programming</Filter>
    </ClCompile>
    <ClCompile Include="google\protobuf\compiler\code_generator.cc">
      <Filter>Source Files\google\protobuf\compiler</Filter>
    </ClCompile>
    <ClCompile Include="google\protobuf\compiler\command_line_interface.cc">
      <Filter>Source Files\google\protobuf\compiler</Filter>
    </ClCompile>
    <ClCompile Include="google\protobuf\compiler\importer.cc">
      <Filter>Source Files\google\protobuf\compiler</Filter>
    </ClCompile>
    <ClCompile Include="google\protobuf\compiler\parser.cc">
      <Filter>Source Files\google\protobuf\compiler</Filter>
    </ClCompile>
    <ClCompile Include="google\protobuf\compiler\plugin.cc">
      <Filter>Source Files\google\protobuf\compiler</Filter>
    </ClCompile>
    <ClCompile Include="google\protobuf\compiler\subprocess.cc">
      <Filter>Source Files\google\protobuf\compiler</Filter>
    </ClCompile>
    <ClCompile Include="google\protobuf\compiler\zip_writer.cc">
      <Filter>Source Files\google\protobuf\compiler</Filter>
    </ClCompile>
    <ClCompile Include="google\protobuf\stubs\atomicops_internals_x86_msvc.cc">
      <Filter>Source Files\google\protobuf\stubs</Filter>
    </ClCompile>
    <ClCompile Include="google\protobuf\stubs\bytestream.cc">
      <Filter>Source Files\google\protobuf\stubs</Filter>
    </ClCompile>
    <ClCompile Include="google\protobuf\stubs\common.cc">
      <Filter>Source Files\google\protobuf\stubs</Filter>
    </ClCompile>
    <ClCompile Include="google\protobuf\stubs\int128.cc">
      <Filter>Source Files\google\protobuf\stubs</Filter>
    </ClCompile>
    <ClCompile Include="google\protobuf\stubs\mathlimits.cc">
      <Filter>Source Files\google\protobuf\stubs</Filter>
    </ClCompile>
    <ClCompile Include="google\protobuf\stubs\once.cc">
      <Filter>Source Files\google\protobuf\stubs</Filter>
    </ClCompile>
    <ClCompile Include="google\protobuf\stubs\status.cc">
      <Filter>Source Files\google\protobuf\stubs</Filter>
    </ClCompile>
    <ClCompile Include="google\protobuf\stubs\statusor.cc">
      <Filter>Source Files\google\protobuf\stubs</Filter>
    </ClCompile>
    <ClCompile Include="google\protobuf\stubs\stringpiece.cc">
      <Filter>Source Files\google\protobuf\stubs</Filter>
    </ClCompile>
    <ClCompile Include="google\protobuf\stubs\stringprintf.cc">
      <Filter>Source Files\google\protobuf\stubs</Filter>
    </ClCompile>
    <ClCompile Include="google\protobuf\stubs\structurally_valid.cc">
      <Filter>Source Files\google\protobuf\stubs</Filter>
    </ClCompile>
    <ClCompile Include="google\protobuf\stubs\strutil.cc">
      <Filter>Source Files\google\protobuf\stubs</Filter>
    </ClCompile>
    <ClCompile Include="google\protobuf\stubs\substitute.cc">
      <Filter>Source Files\google\protobuf\stubs</Filter>
    </ClCompile>
    <ClCompile Include="google\protobuf\stubs\time.cc">
      <Filter>Source Files\google\protobuf\stubs</Filter>
    </ClCompile>
    <ClCompile Include="google\protobuf\util\field_comparator.cc">
      <Filter>Source Files\google\protobuf\util</Filter>
    </ClCompile>
    <ClCompile Include="google\protobuf\util\field_mask_util.cc">
      <Filter>Source Files\google\protobuf\util</Filter>
    </ClCompile>
    <ClCompile Include="google\protobuf\util\json_util.cc">
      <Filter>Source Files\google\protobuf\util</Filter>
    </ClCompile>
    <ClCompile Include="google\protobuf\util\message_differencer.cc">
      <Filter>Source Files\google\protobuf\util</Filter>
    </ClCompile>
    <ClCompile Include="google\protobuf\util\time_util.cc">
      <Filter>Source Files\google\protobuf\util</Filter>
    </ClCompile>
    <ClCompile Include="google\protobuf\util\type_resolver_util.cc">
      <Filter>Source Files\google\protobuf\util</Filter>
    </ClCompile>
    <ClCompile Include="google\protobuf\util\internal\utility.cc">
      <Filter>Source Files\google\protobuf\util\NewFilter1</Filter>
    </ClCompile>
    <ClCompile Include="google\protobuf\util\internal\type_info.cc">
      <Filter>Source Files\google\protobuf\util\NewFilter1</Filter>
    </ClCompile>
    <ClCompile Include="google\protobuf\util\internal\protostream_objectwriter.cc">
      <Filter>Source Files\google\protobuf\util\NewFilter1</Filter>
    </ClCompile>
    <ClCompile Include="google\protobuf\util\internal\protostream_objectsource.cc">
      <Filter>Source Files\google\protobuf\util\NewFilter1</Filter>
    </ClCompile>
    <ClCompile Include="google\protobuf\util\internal\proto_writer.cc">
      <Filter>Source Files\google\protobuf\util\NewFilter1</Filter>
    </ClCompile>
    <ClCompile Include="google\protobuf\util\internal\object_writer.cc">
      <Filter>Source Files\google\protobuf\util\NewFilter1</Filter>
    </ClCompile>
    <ClCompile Include="google\protobuf\util\internal\json_stream_parser.cc">
      <Filter>Source Files\google\protobuf\util\NewFilter1</Filter>
    </ClCompile>
    <ClCompile Include="google\protobuf\util\internal\json_objectwriter.cc">
      <Filter>Source Files\google\protobuf\util\NewFilter1</Filter>
    </ClCompile>
    <ClCompile Include="google\protobuf\util\internal\json_escaping.cc">
      <Filter>Source Files\google\protobuf\util\NewFilter1</Filter>
    </ClCompile>
    <ClCompile Include="google\protobuf\util\internal\field_mask_utility.cc">
      <Filter>Source Files\google\protobuf\util\NewFilter1</Filter>
    </ClCompile>
    <ClCompile Include="google\protobuf\util\internal\error_listener.cc">
      <Filter>Source Files\google\protobuf\util\NewFilter1</Filter>
    </ClCompile>
    <ClCompile Include="google\protobuf\util\internal\default_value_objectwriter.cc">
      <Filter>Source Files\google\protobuf\util\NewFilter1</Filter>
    </ClCompile>
    <ClCompile Include="google\protobuf\util\internal\datapiece.cc">
      <Filter>Source Files\google\protobuf\util\NewFilter1</Filter>
    </ClCompile>
    <ClCompile Include="google\protobuf\wire_format.cc">
      <Filter>Source Files\google\protobuf</Filter>
    </ClCompile>
    <ClCompile Include="google\protobuf\any.cc">
      <Filter>Source Files\google\protobuf</Filter>
    </ClCompile>
    <ClCompile Include="google\protobuf\api.pb.cc">
      <Filter>Source Files\google\protobuf</Filter>
    </ClCompile>
    <ClCompile Include="google\protobuf\arena.cc">
      <Filter>Source Files\google\protobuf</Filter>
    </ClCompile>
    <ClCompile Include="google\protobuf\arena_test_util.cc">
      <Filter>Source Files\google\protobuf</Filter>
    </ClCompile>
    <ClCompile Include="google\protobuf\arenastring.cc">
      <Filter>Source Files\google\protobuf</Filter>
    </ClCompile>
    <ClCompile Include="google\protobuf\descriptor.cc">
      <Filter>Source Files\google\protobuf</Filter>
    </ClCompile>
    <ClCompile Include="google\protobuf\descriptor_database.cc">
      <Filter>Source Files\google\protobuf</Filter>
    </ClCompile>
    <ClCompile Include="google\protobuf\dynamic_message.cc">
      <Filter>Source Files\google\protobuf</Filter>
    </ClCompile>
    <ClCompile Include="google\protobuf\extension_set.cc">
      <Filter>Source Files\google\protobuf</Filter>
    </ClCompile>
    <ClCompile Include="google\protobuf\extension_set_heavy.cc">
      <Filter>Source Files\google\protobuf</Filter>
    </ClCompile>
    <ClCompile Include="google\protobuf\generated_message_util.cc">
      <Filter>Source Files\google\protobuf</Filter>
    </ClCompile>
    <ClCompile Include="google\protobuf\map_field.cc">
      <Filter>Source Files\google\protobuf</Filter>
    </ClCompile>
    <ClCompile Include="google\protobuf\message.cc">
      <Filter>Source Files\google\protobuf</Filter>
    </ClCompile>
    <ClCompile Include="google\protobuf\message_lite.cc">
      <Filter>Source Files\google\protobuf</Filter>
    </ClCompile>
    <ClCompile Include="google\protobuf\reflection_ops.cc">
      <Filter>Source Files\google\protobuf</Filter>
    </ClCompile>
    <ClCompile Include="google\protobuf\repeated_field.cc">
      <Filter>Source Files\google\protobuf</Filter>
    </ClCompile>
    <ClCompile Include="google\protobuf\service.cc">
      <Filter>Source Files\google\protobuf</Filter>
    </ClCompile>
    <ClCompile Include="google\protobuf\text_format.cc">
      <Filter>Source Files\google\protobuf</Filter>
    </ClCompile>
    <ClCompile Include="google\protobuf\type.pb.cc">
      <Filter>Source Files\google\protobuf</Filter>
    </ClCompile>
    <ClCompile Include="google\protobuf\unknown_field_set.cc">
      <Filter>Source Files\google\protobuf</Filter>
    </ClCompile>
    <ClCompile Include="google\protobuf\wire_format_lite.cc">
      <Filter>Source Files\google\protobuf</Filter>
    </ClCompile>
    <ClCompile Include="google\protobuf\compiler\csharp\csharp_doc_comment.cc">
      <Filter>Source Files\google\protobuf\compiler\NewFilter1</Filter>
    </ClCompile>
    <ClCompile Include="google\protobuf\compiler\csharp\csharp_enum.cc">
      <Filter>Source Files\google\protobuf\compiler\NewFilter1</Filter>
    </ClCompile>
    <ClCompile Include="google\protobuf\compiler\csharp\csharp_enum_field.cc">
      <Filter>Source Files\google\protobuf\compiler\NewFilter1</Filter>
    </ClCompile>
    <ClCompile Include="google\protobuf\compiler\csharp\csharp_field_base.cc">
      <Filter>Source Files\google\protobuf\compiler\NewFilter1</Filter>
    </ClCompile>
    <ClCompile Include="google\protobuf\compiler\csharp\csharp_generator.cc">
      <Filter>Source Files\google\protobuf\compiler\NewFilter1</Filter>
    </ClCompile>
    <ClCompile Include="google\protobuf\compiler\csharp\csharp_helpers.cc">
      <Filter>Source Files\google\protobuf\compiler\NewFilter1</Filter>
    </ClCompile>
    <ClCompile Include="google\protobuf\compiler\csharp\csharp_map_field.cc">
      <Filter>Source Files\google\protobuf\compiler\NewFilter1</Filter>
    </ClCompile>
    <ClCompile Include="google\protobuf\compiler\csharp\csharp_message.cc">
      <Filter>Source Files\google\protobuf\compiler\NewFilter1</Filter>
    </ClCompile>
    <ClCompile Include="google\protobuf\compiler\csharp\csharp_message_field.cc">
      <Filter>Source Files\google\protobuf\compiler\NewFilter1</Filter>
    </ClCompile>
    <ClCompile Include="google\protobuf\compiler\csharp\csharp_primitive_field.cc">
      <Filter>Source Files\google\protobuf\compiler\NewFilter1</Filter>
    </ClCompile>
    <ClCompile Include="google\protobuf\compiler\csharp\csharp_reflection_class.cc">
      <Filter>Source Files\google\protobuf\compiler\NewFilter1</Filter>
    </ClCompile>
    <ClCompile Include="google\protobuf\compiler\csharp\csharp_repeated_enum_field.cc">
      <Filter>Source Files\google\protobuf\compiler\NewFilter1</Filter>
    </ClCompile>
    <ClCompile Include="google\protobuf\compiler\csharp\csharp_repeated_message_field.cc">
      <Filter>Source Files\google\protobuf\compiler\NewFilter1</Filter>
    </ClCompile>
    <ClCompile Include="google\protobuf\compiler\csharp\csharp_repeated_primitive_field.cc">
      <Filter>Source Files\google\protobuf\compiler\NewFilter1</Filter>
    </ClCompile>
    <ClCompile Include="google\protobuf\compiler\csharp\csharp_source_generator_base.cc">
      <Filter>Source Files\google\protobuf\compiler\NewFilter1</Filter>
    </ClCompile>
    <ClCompile Include="google\protobuf\compiler\csharp\csharp_wrapper_field.cc">
      <Filter>Source Files\google\protobuf\compiler\NewFilter1</Filter>
    </ClCompile>
    <ClCompile Include="google\protobuf\compiler\java\java_context.cc">
      <Filter>Source Files\google\protobuf\compiler\NewFilter2</Filter>
    </ClCompile>
    <ClCompile Include="google\protobuf\compiler\java\java_doc_comment.cc">
      <Filter>Source Files\google\protobuf\compiler\NewFilter2</Filter>
    </ClCompile>
    <ClCompile Include="google\protobuf\compiler\java\java_enum.cc">
      <Filter>Source Files\google\protobuf\compiler\NewFilter2</Filter>
    </ClCompile>
    <ClCompile Include="google\protobuf\compiler\java\java_enum_field.cc">
      <Filter>Source Files\google\protobuf\compiler\NewFilter2</Filter>
    </ClCompile>
    <ClCompile Include="google\protobuf\compiler\java\java_enum_field_lite.cc">
      <Filter>Source Files\google\protobuf\compiler\NewFilter2</Filter>
    </ClCompile>
    <ClCompile Include="google\protobuf\compiler\java\java_enum_lite.cc">
      <Filter>Source Files\google\protobuf\compiler\NewFilter2</Filter>
    </ClCompile>
    <ClCompile Include="google\protobuf\compiler\java\java_extension.cc">
      <Filter>Source Files\google\protobuf\compiler\NewFilter2</Filter>
    </ClCompile>
    <ClCompile Include="google\protobuf\compiler\java\java_extension_lite.cc">
      <Filter>Source Files\google\protobuf\compiler\NewFilter2</Filter>
    </ClCompile>
    <ClCompile Include="google\protobuf\compiler\java\java_field.cc">
      <Filter>Source Files\google\protobuf\compiler\NewFilter2</Filter>
    </ClCompile>
    <ClCompile Include="google\protobuf\compiler\java\java_file.cc">
      <Filter>Source Files\google\protobuf\compiler\NewFilter2</Filter>
    </ClCompile>
    <ClCompile Include="google\protobuf\compiler\java\java_generator.cc">
      <Filter>Source Files\google\protobuf\compiler\NewFilter2</Filter>
    </ClCompile>
    <ClCompile Include="google\protobuf\compiler\java\java_generator_factory.cc">
      <Filter>Source Files\google\protobuf\compiler\NewFilter2</Filter>
    </ClCompile>
    <ClCompile Include="google\protobuf\compiler\java\java_helpers.cc">
      <Filter>Source Files\google\protobuf\compiler\NewFilter2</Filter>
    </ClCompile>
    <ClCompile Include="google\protobuf\compiler\java\java_lazy_message_field.cc">
      <Filter>Source Files\google\protobuf\compiler\NewFilter2</Filter>
    </ClCompile>
    <ClCompile Include="google\protobuf\compiler\java\java_lazy_message_field_lite.cc">
      <Filter>Source Files\google\protobuf\compiler\NewFilter2</Filter>
    </ClCompile>
    <ClCompile Include="google\protobuf\compiler\java\java_map_field.cc">
      <Filter>Source Files\google\protobuf\compiler\NewFilter2</Filter>
    </ClCompile>
    <ClCompile Include="google\protobuf\compiler\java\java_map_field_lite.cc">
      <Filter>Source Files\google\protobuf\compiler\NewFilter2</Filter>
    </ClCompile>
    <ClCompile Include="google\protobuf\compiler\java\java_message.cc">
      <Filter>Source Files\google\protobuf\compiler\NewFilter2</Filter>
    </ClCompile>
    <ClCompile Include="google\protobuf\compiler\java\java_message_builder.cc">
      <Filter>Source Files\google\protobuf\compiler\NewFilter2</Filter>
    </ClCompile>
    <ClCompile Include="google\protobuf\compiler\java\java_message_builder_lite.cc">
      <Filter>Source Files\google\protobuf\compiler\NewFilter2</Filter>
    </ClCompile>
    <ClCompile Include="google\protobuf\compiler\java\java_message_field.cc">
      <Filter>Source Files\google\protobuf\compiler\NewFilter2</Filter>
    </ClCompile>
    <ClCompile Include="google\protobuf\compiler\java\java_message_field_lite.cc">
      <Filter>Source Files\google\protobuf\compiler\NewFilter2</Filter>
    </ClCompile>
    <ClCompile Include="google\protobuf\compiler\java\java_message_lite.cc">
      <Filter>Source Files\google\protobuf\compiler\NewFilter2</Filter>
    </ClCompile>
    <ClCompile Include="google\protobuf\compiler\java\java_name_resolver.cc">
      <Filter>Source Files\google\protobuf\compiler\NewFilter2</Filter>
    </ClCompile>
    <ClCompile Include="google\protobuf\compiler\java\java_primitive_field.cc">
      <Filter>Source Files\google\protobuf\compiler\NewFilter2</Filter>
    </ClCompile>
    <ClCompile Include="google\protobuf\compiler\java\java_primitive_field_lite.cc">
      <Filter>Source Files\google\protobuf\compiler\NewFilter2</Filter>
    </ClCompile>
    <ClCompile Include="google\protobuf\compiler\java\java_service.cc">
      <Filter>Source Files\google\protobuf\compiler\NewFilter2</Filter>
    </ClCompile>
    <ClCompile Include="google\protobuf\compiler\java\java_string_field.cc">
      <Filter>Source Files\google\protobuf\compiler\NewFilter2</Filter>
    </ClCompile>
    <ClCompile Include="google\protobuf\compiler\java\java_string_field_lite.cc">
      <Filter>Source Files\google\protobuf\compiler\NewFilter2</Filter>
    </ClCompile>
    <ClCompile Include="google\protobuf\compiler\javanano\javanano_enum.cc">
      <Filter>Source Files\google\protobuf\compiler\NewFilter3</Filter>
    </ClCompile>
    <ClCompile Include="google\protobuf\compiler\javanano\javanano_enum_field.cc">
      <Filter>Source Files\google\protobuf\compiler\NewFilter3</Filter>
    </ClCompile>
    <ClCompile Include="google\protobuf\compiler\javanano\javanano_extension.cc">
      <Filter>Source Files\google\protobuf\compiler\NewFilter3</Filter>
    </ClCompile>
    <ClCompile Include="google\protobuf\compiler\javanano\javanano_field.cc">
      <Filter>Source Files\google\protobuf\compiler\NewFilter3</Filter>
    </ClCompile>
    <ClCompile Include="google\protobuf\compiler\javanano\javanano_file.cc">
      <Filter>Source Files\google\protobuf\compiler\NewFilter3</Filter>
    </ClCompile>
    <ClCompile Include="google\protobuf\compiler\javanano\javanano_generator.cc">
      <Filter>Source Files\google\protobuf\compiler\NewFilter3</Filter>
    </ClCompile>
    <ClCompile Include="google\protobuf\compiler\javanano\javanano_helpers.cc">
      <Filter>Source Files\google\protobuf\compiler\NewFilter3</Filter>
    </ClCompile>
    <ClCompile Include="google\protobuf\compiler\javanano\javanano_map_field.cc">
      <Filter>Source Files\google\protobuf\compiler\NewFilter3</Filter>
    </ClCompile>
    <ClCompile Include="google\protobuf\compiler\javanano\javanano_message.cc">
      <Filter>Source Files\google\protobuf\compiler\NewFilter3</Filter>
    </ClCompile>
    <ClCompile Include="google\protobuf\compiler\javanano\javanano_message_field.cc">
      <Filter>Source Files\google\protobuf\compiler\NewFilter3</Filter>
    </ClCompile>
    <ClCompile Include="google\protobuf\compiler\javanano\javanano_primitive_field.cc">
      <Filter>Source Files\google\protobuf\compiler\NewFilter3</Filter>
    </ClCompile>
    <ClCompile Include="google\protobuf\compiler\js\js_generator.cc">
      <Filter>Source Files\google\protobuf\compiler\NewFilter4</Filter>
    </ClCompile>
    <ClCompile Include="google\protobuf\compiler\objectivec\objectivec_enum.cc">
      <Filter>Source Files\google\protobuf\compiler\NewFilter5</Filter>
    </ClCompile>
    <ClCompile Include="google\protobuf\compiler\objectivec\objectivec_enum_field.cc">
      <Filter>Source Files\google\protobuf\compiler\NewFilter5</Filter>
    </ClCompile>
    <ClCompile Include="google\protobuf\compiler\objectivec\objectivec_extension.cc">
      <Filter>Source Files\google\protobuf\compiler\NewFilter5</Filter>
    </ClCompile>
    <ClCompile Include="google\protobuf\compiler\objectivec\objectivec_field.cc">
      <Filter>Source Files\google\protobuf\compiler\NewFilter5</Filter>
    </ClCompile>
    <ClCompile Include="google\protobuf\compiler\objectivec\objectivec_file.cc">
      <Filter>Source Files\google\protobuf\compiler\NewFilter5</Filter>
    </ClCompile>
    <ClCompile Include="google\protobuf\compiler\objectivec\objectivec_generator.cc">
      <Filter>Source Files\google\protobuf\compiler\NewFilter5</Filter>
    </ClCompile>
    <ClCompile Include="google\protobuf\compiler\objectivec\objectivec_helpers.cc">
      <Filter>Source Files\google\protobuf\compiler\NewFilter5</Filter>
    </ClCompile>
    <ClCompile Include="google\protobuf\compiler\objectivec\objectivec_map_field.cc">
      <Filter>Source Files\google\protobuf\compiler\NewFilter5</Filter>
    </ClCompile>
    <ClCompile Include="google\protobuf\compiler\objectivec\objectivec_message.cc">
      <Filter>Source Files\google\protobuf\compiler\NewFilter5</Filter>
    </ClCompile>
    <ClCompile Include="google\protobuf\compiler\objectivec\objectivec_message_field.cc">
      <Filter>Source Files\google\protobuf\compiler\NewFilter5</Filter>
    </ClCompile>
    <ClCompile Include="google\protobuf\compiler\objectivec\objectivec_oneof.cc">
      <Filter>Source Files\google\protobuf\compiler\NewFilter5</Filter>
    </ClCompile>
    <ClCompile Include="google\protobuf\compiler\objectivec\objectivec_primitive_field.cc">
      <Filter>Source Files\google\protobuf\compiler\NewFilter5</Filter>
    </ClCompile>
    <ClCompile Include="google\protobuf\compiler\php\php_generator.cc">
      <Filter>Source Files\google\protobuf\compiler\NewFilter6</Filter>
    </ClCompile>
    <ClCompile Include="google\protobuf\compiler\python\python_generator.cc">
      <Filter>Source Files\google\protobuf\compiler\NewFilter7</Filter>
    </ClCompile>
    <ClCompile Include="google\protobuf\compiler\ruby\ruby_generator.cc">
      <Filter>Source Files\google\protobuf\compiler\NewFilter8</Filter>
    </ClCompile>
    <ClCompile Include="google\protobuf\generated_message_reflection.cc">
      <Filter>Source Files\google\protobuf</Filter>
    </ClCompile>
    <ClCompile Include="google\protobuf\any.pb.cc">
      <Filter>Source Files\google\protobuf</Filter>
    </ClCompile>
    <ClCompile Include="google\protobuf\descriptor.pb.cc">
      <Filter>Source Files\google\protobuf</Filter>
    </ClCompile>
    <ClCompile Include="google\protobuf\empty.pb.cc">
      <Filter>Source Files\google\protobuf</Filter>
    </ClCompile>
    <ClCompile Include="google\protobuf\field_mask.pb.cc">
      <Filter>Source Files\google\protobuf</Filter>
    </ClCompile>
    <ClCompile Include="google\protobuf\source_context.pb.cc">
      <Filter>Source Files\google\protobuf</Filter>
    </ClCompile>
    <ClCompile Include="google\protobuf\timestamp.pb.cc">
      <Filter>Source Files\google\protobuf</Filter>
    </ClCompile>
    <ClCompile Include="google\protobuf\wrappers.pb.cc">
      <Filter>Source Files\google\protobuf</Filter>
    </ClCompile>
    <ClCompile Include="google\protobuf\compiler\plugin.pb.cc">
      <Filter>Source Files\google\protobuf\compiler</Filter>
    </ClCompile>
    <ClCompile Include="google\protobuf\compiler\java\java_shared_code_generator.cc">
      <Filter>Source Files\google\protobuf\compiler\NewFilter2</Filter>
    </ClCompile>
    <ClCompile Include="google\protobuf\duration.pb.cc">
      <Filter>Source Files\google\protobuf</Filter>
    </ClCompile>
  </ItemGroup>
</Project>