<?xml version="1.0" encoding="utf-8"?>
<Project ToolsVersion="4.0" xmlns="http://schemas.microsoft.com/developer/msbuild/2003">
  <ItemGroup>
    <Filter Include="Header Files">
      <UniqueIdentifier>{28a2d681-de61-4b79-beed-30e64037caea}</UniqueIdentifier>
    </Filter>
    <Filter Include="Source Files">
      <UniqueIdentifier>{8efc303a-3b04-4b42-991c-6e2bac6c9388}</UniqueIdentifier>
    </Filter>
  </ItemGroup>
  <ItemGroup>
    <ClCompile Include="src\libmpg123\compat.c">
      <Filter>Source Files</Filter>
    </ClCompile>
    <ClCompile Include="src\libmpg123\dct64.c">
      <Filter>Source Files</Filter>
    </ClCompile>
    <ClCompile Include="src\libmpg123\dct64_altivec.c">
      <Filter>Source Files</Filter>
    </ClCompile>
    <ClCompile Include="src\libmpg123\dct64_i386.c">
      <Filter>Source Files</Filter>
    </ClCompile>
    <ClCompile Include="src\libmpg123\dct64_i486.c">
      <Filter>Source Files</Filter>
    </ClCompile>
    <ClCompile Include="src\libmpg123\dither.c">
      <Filter>Source Files</Filter>
    </ClCompile>
    <ClCompile Include="src\libmpg123\equalizer.c">
      <Filter>Source Files</Filter>
    </ClCompile>
    <ClCompile Include="src\libmpg123\feature.c">
      <Filter>Source Files</Filter>
    </ClCompile>
    <ClCompile Include="src\libmpg123\format.c">
      <Filter>Source Files</Filter>
    </ClCompile>
    <ClCompile Include="src\libmpg123\frame.c">
      <Filter>Source Files</Filter>
    </ClCompile>
    <ClCompile Include="src\libmpg123\getcpuflags_arm.c">
      <Filter>Source Files</Filter>
    </ClCompile>
    <ClCompile Include="src\libmpg123\icy.c">
      <Filter>Source Files</Filter>
    </ClCompile>
    <ClCompile Include="src\libmpg123\icy2utf8.c">
      <Filter>Source Files</Filter>
    </ClCompile>
    <ClCompile Include="src\libmpg123\id3.c">
      <Filter>Source Files</Filter>
    </ClCompile>
    <ClCompile Include="src\libmpg123\index.c">
      <Filter>Source Files</Filter>
    </ClCompile>
    <ClCompile Include="src\libmpg123\layer1.c">
      <Filter>Source Files</Filter>
    </ClCompile>
    <ClCompile Include="src\libmpg123\layer2.c">
      <Filter>Source Files</Filter>
    </ClCompile>
    <ClCompile Include="src\libmpg123\layer3.c">
      <Filter>Source Files</Filter>
    </ClCompile>
    <ClCompile Include="src\libmpg123\lfs_alias.c">
      <Filter>Source Files</Filter>
    </ClCompile>
    <ClCompile Include="src\libmpg123\lfs_wrap.c">
      <Filter>Source Files</Filter>
    </ClCompile>
    <ClCompile Include="src\libmpg123\libmpg123.c">
      <Filter>Source Files</Filter>
    </ClCompile>
    <ClCompile Include="src\libmpg123\ntom.c">
      <Filter>Source Files</Filter>
    </ClCompile>
    <ClCompile Include="src\libmpg123\parse.c">
      <Filter>Source Files</Filter>
    </ClCompile>
    <ClCompile Include="src\libmpg123\readers.c">
      <Filter>Source Files</Filter>
    </ClCompile>
    <ClCompile Include="src\libmpg123\stringbuf.c">
      <Filter>Source Files</Filter>
    </ClCompile>
    <ClCompile Include="src\libmpg123\synth.c">
      <Filter>Source Files</Filter>
    </ClCompile>
    <ClCompile Include="src\libmpg123\synth_8bit.c">
      <Filter>Source Files</Filter>
    </ClCompile>
    <ClCompile Include="src\libmpg123\synth_altivec.c">
      <Filter>Source Files</Filter>
    </ClCompile>
    <ClCompile Include="src\libmpg123\synth_i486.c">
      <Filter>Source Files</Filter>
    </ClCompile>
    <ClCompile Include="src\libmpg123\synth_real.c">
      <Filter>Source Files</Filter>
    </ClCompile>
    <ClCompile Include="src\libmpg123\synth_s32.c">
      <Filter>Source Files</Filter>
    </ClCompile>
    <ClCompile Include="src\libmpg123\tabinit.c">
      <Filter>Source Files</Filter>
    </ClCompile>
    <ClCompile Include="src\libmpg123\optimize.c">
      <Filter>Source Files</Filter>
    </ClCompile>
  </ItemGroup>
  <ItemGroup>
    <None Include="mpg123.def">
      <Filter>Source Files</Filter>
    </None>
  </ItemGroup>
  <ItemGroup>
    <ClInclude Include="src\config.h">
      <Filter>Header Files</Filter>
    </ClInclude>
  </ItemGroup>
</Project>