<?xml version="1.0" encoding="utf-8"?>
<Project ToolsVersion="4.0" xmlns="http://schemas.microsoft.com/developer/msbuild/2003">
  <ItemGroup>
    <Filter Include="Header Files">
      <UniqueIdentifier>{4588b894-957f-4444-b875-d9071e79805b}</UniqueIdentifier>
    </Filter>
    <Filter Include="Source Files">
      <UniqueIdentifier>{eec86ab3-5996-4aab-a2a4-cbc44cd36fab}</UniqueIdentifier>
    </Filter>
    <Filter Include="Source Files\ssl">
      <UniqueIdentifier>{4e2122de-c546-455c-a6b3-a887e71ec5b5}</UniqueIdentifier>
    </Filter>
    <Filter Include="Source Files\ssl\statem">
      <UniqueIdentifier>{58eb36b7-9c81-431d-ba2a-a1e47026e2d6}</UniqueIdentifier>
    </Filter>
    <Filter Include="Source Files\ssl\record">
      <UniqueIdentifier>{5ee9ce63-c1c3-48eb-babc-258ce0ec8b69}</UniqueIdentifier>
    </Filter>
  </ItemGroup>
  <ItemGroup>
    <ClCompile Include="ssl\bio_ssl.c">
      <Filter>Source Files\ssl</Filter>
    </ClCompile>
    <ClCompile Include="ssl\d1_lib.c">
      <Filter>Source Files\ssl</Filter>
    </ClCompile>
    <ClCompile Include="ssl\d1_msg.c">
      <Filter>Source Files\ssl</Filter>
    </ClCompile>
    <ClCompile Include="ssl\d1_srtp.c">
      <Filter>Source Files\ssl</Filter>
    </ClCompile>
    <ClCompile Include="ssl\methods.c">
      <Filter>Source Files\ssl</Filter>
    </ClCompile>
    <ClCompile Include="ssl\pqueue.c">
      <Filter>Source Files\ssl</Filter>
    </ClCompile>
    <ClCompile Include="ssl\s3_cbc.c">
      <Filter>Source Files\ssl</Filter>
    </ClCompile>
    <ClCompile Include="ssl\s3_enc.c">
      <Filter>Source Files\ssl</Filter>
    </ClCompile>
    <ClCompile Include="ssl\s3_lib.c">
      <Filter>Source Files\ssl</Filter>
    </ClCompile>
    <ClCompile Include="ssl\s3_msg.c">
      <Filter>Source Files\ssl</Filter>
    </ClCompile>
    <ClCompile Include="ssl\ssl_asn1.c">
      <Filter>Source Files\ssl</Filter>
    </ClCompile>
    <ClCompile Include="ssl\ssl_cert.c">
      <Filter>Source Files\ssl</Filter>
    </ClCompile>
    <ClCompile Include="ssl\ssl_ciph.c">
      <Filter>Source Files\ssl</Filter>
    </ClCompile>
    <ClCompile Include="ssl\ssl_conf.c">
      <Filter>Source Files\ssl</Filter>
    </ClCompile>
    <ClCompile Include="ssl\ssl_err.c">
      <Filter>Source Files\ssl</Filter>
    </ClCompile>
    <ClCompile Include="ssl\ssl_init.c">
      <Filter>Source Files\ssl</Filter>
    </ClCompile>
    <ClCompile Include="ssl\ssl_lib.c">
      <Filter>Source Files\ssl</Filter>
    </ClCompile>
    <ClCompile Include="ssl\ssl_mcnf.c">
      <Filter>Source Files\ssl</Filter>
    </ClCompile>
    <ClCompile Include="ssl\ssl_rsa.c">
      <Filter>Source Files\ssl</Filter>
    </ClCompile>
    <ClCompile Include="ssl\ssl_sess.c">
      <Filter>Source Files\ssl</Filter>
    </ClCompile>
    <ClCompile Include="ssl\ssl_stat.c">
      <Filter>Source Files\ssl</Filter>
    </ClCompile>
    <ClCompile Include="ssl\ssl_txt.c">
      <Filter>Source Files\ssl</Filter>
    </ClCompile>
    <ClCompile Include="ssl\ssl_utst.c">
      <Filter>Source Files\ssl</Filter>
    </ClCompile>
    <ClCompile Include="ssl\t1_enc.c">
      <Filter>Source Files\ssl</Filter>
    </ClCompile>
    <ClCompile Include="ssl\t1_ext.c">
      <Filter>Source Files\ssl</Filter>
    </ClCompile>
    <ClCompile Include="ssl\t1_lib.c">
      <Filter>Source Files\ssl</Filter>
    </ClCompile>
    <ClCompile Include="ssl\t1_reneg.c">
      <Filter>Source Files\ssl</Filter>
    </ClCompile>
    <ClCompile Include="ssl\t1_trce.c">
      <Filter>Source Files\ssl</Filter>
    </ClCompile>
    <ClCompile Include="ssl\tls_srp.c">
      <Filter>Source Files\ssl</Filter>
    </ClCompile>
    <ClCompile Include="ssl\statem\statem.c">
      <Filter>Source Files\ssl\statem</Filter>
    </ClCompile>
    <ClCompile Include="ssl\statem\statem_clnt.c">
      <Filter>Source Files\ssl\statem</Filter>
    </ClCompile>
    <ClCompile Include="ssl\statem\statem_dtls.c">
      <Filter>Source Files\ssl\statem</Filter>
    </ClCompile>
    <ClCompile Include="ssl\statem\statem_lib.c">
      <Filter>Source Files\ssl\statem</Filter>
    </ClCompile>
    <ClCompile Include="ssl\statem\statem_srvr.c">
      <Filter>Source Files\ssl\statem</Filter>
    </ClCompile>
    <ClCompile Include="ssl\record\dtls1_bitmap.c">
      <Filter>Source Files\ssl\record</Filter>
    </ClCompile>
    <ClCompile Include="ssl\record\rec_layer_d1.c">
      <Filter>Source Files\ssl\record</Filter>
    </ClCompile>
    <ClCompile Include="ssl\record\rec_layer_s3.c">
      <Filter>Source Files\ssl\record</Filter>
    </ClCompile>
    <ClCompile Include="ssl\record\ssl3_buffer.c">
      <Filter>Source Files\ssl\record</Filter>
    </ClCompile>
    <ClCompile Include="ssl\record\ssl3_record.c">
      <Filter>Source Files\ssl\record</Filter>
    </ClCompile>
  </ItemGroup>
</Project>