<?xml version="1.0" encoding="UTF-8" standalone="yes" ?>
<CodeBlocks_project_file>
	<FileVersion major="1" minor="6" />
	<Project>
		<Option title="protoc" />
		<Option pch_mode="2" />
		<Option compiler="gcc" />
		<Build>
			<Target title="basis">
				<Option output="../../../nodeapp/thirdparty/library/x64/protoc" prefix_auto="0" extension_auto="0" />
				<Option working_dir="../../../time/x64/basis/" />
				<Option object_output="../../../time/intermediate/app-core/protoc" />
				<Option type="1" />
				<Option compiler="gcc" />
				<Option use_console_runner="0" />
				<Compiler>
					<Add option="-g" />
					<Add option="-D_DEBUG" />
				</Compiler>
				<Linker>
					<Add directory="../../../time/x64/basis" />
				</Linker>
			</Target>
			<Target title="memdleak">
				<Option output="../../../time/x64/basis/libaxisbzip2.so" prefix_auto="0" extension_auto="0" />
				<Option working_dir="../../../time/x64/basis/" />
				<Option object_output="../../../time/intermediate/app/axisbzip2" />
				<Option type="3" />
				<Option compiler="gcc" />
				<Option createDefFile="1" />
				<Option createStaticLib="1" />
				<Compiler>
					<Add option="-g" />
					<Add option="-D_DEBUG" />
					<Add option="-DMEMDLEAK" />
				</Compiler>
				<Linker>
					<Add directory="../../../time/x64/basis" />
				</Linker>
			</Target>
		</Build>
		<Compiler>
			<Add option="-std=c++0x" />
			<Add option="-fexceptions" />
			<Add option="-fnon-call-exceptions" />
			<Add option="-fno-pie" />
			<Add option="-fno-stack-protector" />
			<Add option="-Wno-pointer-arith" />
			<Add option="-Wno-attributes" />
			<Add option="-Winvalid-pch" />
			<Add option="-fPIC" />
			<Add option="-DLINUX" />
			<Add option="-DHAVE_PTHREAD" />
			<Add directory="../../../include" />
			<Add directory="../../include" />
			<Add directory="framework" />
			<Add directory=".." />
			<Add directory="../.." />
			<Add directory="../../appseed/aura" />
			<Add directory="../../.." />
			<Add directory="../../appseed" />
			<Add directory="../../appseed/axis" />
			<Add directory="../../../app/include/protobuf-c" />
			<Add directory="../../../app/include" />
			<Add directory="../protobuf" />
		</Compiler>
		<Linker>
			<Add option="-Wl,-R\\$$$ORIGIN" />
			<Add option="-Wl,-z,origin" />
			<Add option="-ldl" />
			<Add option="-lpthread" />
			<Add option="-lX11" />
			<Add option="-lXmu" />
			<Add option="-Wl,-z,defs" />
			<Add directory="../../../time/x64/basis" />
		</Linker>
		<Unit filename="google/protobuf/any.cc" />
		<Unit filename="google/protobuf/any.h" />
		<Unit filename="google/protobuf/any.pb.cc" />
		<Unit filename="google/protobuf/any.pb.h" />
		<Unit filename="google/protobuf/api.pb.cc" />
		<Unit filename="google/protobuf/api.pb.h" />
		<Unit filename="google/protobuf/arena.cc" />
		<Unit filename="google/protobuf/arena.h" />
		<Unit filename="google/protobuf/arena_test_util.h" />
		<Unit filename="google/protobuf/arenastring.cc" />
		<Unit filename="google/protobuf/arenastring.h" />
		<Unit filename="google/protobuf/compiler/code_generator.cc" />
		<Unit filename="google/protobuf/compiler/code_generator.h" />
		<Unit filename="google/protobuf/compiler/command_line_interface.cc" />
		<Unit filename="google/protobuf/compiler/command_line_interface.h" />
		<Unit filename="google/protobuf/compiler/cpp/cpp_enum.cc" />
		<Unit filename="google/protobuf/compiler/cpp/cpp_enum.h" />
		<Unit filename="google/protobuf/compiler/cpp/cpp_enum_field.cc" />
		<Unit filename="google/protobuf/compiler/cpp/cpp_enum_field.h" />
		<Unit filename="google/protobuf/compiler/cpp/cpp_extension.cc" />
		<Unit filename="google/protobuf/compiler/cpp/cpp_extension.h" />
		<Unit filename="google/protobuf/compiler/cpp/cpp_field.cc" />
		<Unit filename="google/protobuf/compiler/cpp/cpp_field.h" />
		<Unit filename="google/protobuf/compiler/cpp/cpp_file.cc" />
		<Unit filename="google/protobuf/compiler/cpp/cpp_file.h" />
		<Unit filename="google/protobuf/compiler/cpp/cpp_generator.cc" />
		<Unit filename="google/protobuf/compiler/cpp/cpp_generator.h" />
		<Unit filename="google/protobuf/compiler/cpp/cpp_helpers.cc" />
		<Unit filename="google/protobuf/compiler/cpp/cpp_helpers.h" />
		<Unit filename="google/protobuf/compiler/cpp/cpp_map_field.cc" />
		<Unit filename="google/protobuf/compiler/cpp/cpp_map_field.h" />
		<Unit filename="google/protobuf/compiler/cpp/cpp_message.cc" />
		<Unit filename="google/protobuf/compiler/cpp/cpp_message.h" />
		<Unit filename="google/protobuf/compiler/cpp/cpp_message_field.cc" />
		<Unit filename="google/protobuf/compiler/cpp/cpp_message_field.h" />
		<Unit filename="google/protobuf/compiler/cpp/cpp_options.h" />
		<Unit filename="google/protobuf/compiler/cpp/cpp_primitive_field.cc" />
		<Unit filename="google/protobuf/compiler/cpp/cpp_primitive_field.h" />
		<Unit filename="google/protobuf/compiler/cpp/cpp_service.cc" />
		<Unit filename="google/protobuf/compiler/cpp/cpp_service.h" />
		<Unit filename="google/protobuf/compiler/cpp/cpp_string_field.cc" />
		<Unit filename="google/protobuf/compiler/cpp/cpp_string_field.h" />
		<Unit filename="google/protobuf/compiler/cpp/cpp_unittest.h" />
		<Unit filename="google/protobuf/compiler/csharp/csharp_doc_comment.cc" />
		<Unit filename="google/protobuf/compiler/csharp/csharp_doc_comment.h" />
		<Unit filename="google/protobuf/compiler/csharp/csharp_enum.cc" />
		<Unit filename="google/protobuf/compiler/csharp/csharp_enum.h" />
		<Unit filename="google/protobuf/compiler/csharp/csharp_enum_field.cc" />
		<Unit filename="google/protobuf/compiler/csharp/csharp_enum_field.h" />
		<Unit filename="google/protobuf/compiler/csharp/csharp_field_base.cc" />
		<Unit filename="google/protobuf/compiler/csharp/csharp_field_base.h" />
		<Unit filename="google/protobuf/compiler/csharp/csharp_generator.cc" />
		<Unit filename="google/protobuf/compiler/csharp/csharp_generator.h" />
		<Unit filename="google/protobuf/compiler/csharp/csharp_helpers.cc" />
		<Unit filename="google/protobuf/compiler/csharp/csharp_helpers.h" />
		<Unit filename="google/protobuf/compiler/csharp/csharp_map_field.cc" />
		<Unit filename="google/protobuf/compiler/csharp/csharp_map_field.h" />
		<Unit filename="google/protobuf/compiler/csharp/csharp_message.cc" />
		<Unit filename="google/protobuf/compiler/csharp/csharp_message.h" />
		<Unit filename="google/protobuf/compiler/csharp/csharp_message_field.cc" />
		<Unit filename="google/protobuf/compiler/csharp/csharp_message_field.h" />
		<Unit filename="google/protobuf/compiler/csharp/csharp_names.h" />
		<Unit filename="google/protobuf/compiler/csharp/csharp_options.h" />
		<Unit filename="google/protobuf/compiler/csharp/csharp_primitive_field.cc" />
		<Unit filename="google/protobuf/compiler/csharp/csharp_primitive_field.h" />
		<Unit filename="google/protobuf/compiler/csharp/csharp_reflection_class.cc" />
		<Unit filename="google/protobuf/compiler/csharp/csharp_reflection_class.h" />
		<Unit filename="google/protobuf/compiler/csharp/csharp_repeated_enum_field.cc" />
		<Unit filename="google/protobuf/compiler/csharp/csharp_repeated_enum_field.h" />
		<Unit filename="google/protobuf/compiler/csharp/csharp_repeated_message_field.cc" />
		<Unit filename="google/protobuf/compiler/csharp/csharp_repeated_message_field.h" />
		<Unit filename="google/protobuf/compiler/csharp/csharp_repeated_primitive_field.cc" />
		<Unit filename="google/protobuf/compiler/csharp/csharp_repeated_primitive_field.h" />
		<Unit filename="google/protobuf/compiler/csharp/csharp_source_generator_base.cc" />
		<Unit filename="google/protobuf/compiler/csharp/csharp_source_generator_base.h" />
		<Unit filename="google/protobuf/compiler/csharp/csharp_wrapper_field.cc" />
		<Unit filename="google/protobuf/compiler/csharp/csharp_wrapper_field.h" />
		<Unit filename="google/protobuf/compiler/importer.cc" />
		<Unit filename="google/protobuf/compiler/importer.h" />
		<Unit filename="google/protobuf/compiler/java/java_context.cc" />
		<Unit filename="google/protobuf/compiler/java/java_context.h" />
		<Unit filename="google/protobuf/compiler/java/java_doc_comment.cc" />
		<Unit filename="google/protobuf/compiler/java/java_doc_comment.h" />
		<Unit filename="google/protobuf/compiler/java/java_enum.cc" />
		<Unit filename="google/protobuf/compiler/java/java_enum.h" />
		<Unit filename="google/protobuf/compiler/java/java_enum_field.cc" />
		<Unit filename="google/protobuf/compiler/java/java_enum_field.h" />
		<Unit filename="google/protobuf/compiler/java/java_enum_field_lite.cc" />
		<Unit filename="google/protobuf/compiler/java/java_enum_field_lite.h" />
		<Unit filename="google/protobuf/compiler/java/java_enum_lite.cc" />
		<Unit filename="google/protobuf/compiler/java/java_enum_lite.h" />
		<Unit filename="google/protobuf/compiler/java/java_extension.cc" />
		<Unit filename="google/protobuf/compiler/java/java_extension.h" />
		<Unit filename="google/protobuf/compiler/java/java_extension_lite.cc" />
		<Unit filename="google/protobuf/compiler/java/java_extension_lite.h" />
		<Unit filename="google/protobuf/compiler/java/java_field.cc" />
		<Unit filename="google/protobuf/compiler/java/java_field.h" />
		<Unit filename="google/protobuf/compiler/java/java_file.cc" />
		<Unit filename="google/protobuf/compiler/java/java_file.h" />
		<Unit filename="google/protobuf/compiler/java/java_generator.cc" />
		<Unit filename="google/protobuf/compiler/java/java_generator.h" />
		<Unit filename="google/protobuf/compiler/java/java_generator_factory.cc" />
		<Unit filename="google/protobuf/compiler/java/java_generator_factory.h" />
		<Unit filename="google/protobuf/compiler/java/java_helpers.cc" />
		<Unit filename="google/protobuf/compiler/java/java_helpers.h" />
		<Unit filename="google/protobuf/compiler/java/java_lazy_message_field.cc" />
		<Unit filename="google/protobuf/compiler/java/java_lazy_message_field.h" />
		<Unit filename="google/protobuf/compiler/java/java_lazy_message_field_lite.cc" />
		<Unit filename="google/protobuf/compiler/java/java_lazy_message_field_lite.h" />
		<Unit filename="google/protobuf/compiler/java/java_map_field.cc" />
		<Unit filename="google/protobuf/compiler/java/java_map_field.h" />
		<Unit filename="google/protobuf/compiler/java/java_map_field_lite.cc" />
		<Unit filename="google/protobuf/compiler/java/java_map_field_lite.h" />
		<Unit filename="google/protobuf/compiler/java/java_message.cc" />
		<Unit filename="google/protobuf/compiler/java/java_message.h" />
		<Unit filename="google/protobuf/compiler/java/java_message_builder.cc" />
		<Unit filename="google/protobuf/compiler/java/java_message_builder.h" />
		<Unit filename="google/protobuf/compiler/java/java_message_builder_lite.cc" />
		<Unit filename="google/protobuf/compiler/java/java_message_builder_lite.h" />
		<Unit filename="google/protobuf/compiler/java/java_message_field.cc" />
		<Unit filename="google/protobuf/compiler/java/java_message_field.h" />
		<Unit filename="google/protobuf/compiler/java/java_message_field_lite.cc" />
		<Unit filename="google/protobuf/compiler/java/java_message_field_lite.h" />
		<Unit filename="google/protobuf/compiler/java/java_message_lite.cc" />
		<Unit filename="google/protobuf/compiler/java/java_message_lite.h" />
		<Unit filename="google/protobuf/compiler/java/java_name_resolver.cc" />
		<Unit filename="google/protobuf/compiler/java/java_name_resolver.h" />
		<Unit filename="google/protobuf/compiler/java/java_names.h" />
		<Unit filename="google/protobuf/compiler/java/java_options.h" />
		<Unit filename="google/protobuf/compiler/java/java_primitive_field.cc" />
		<Unit filename="google/protobuf/compiler/java/java_primitive_field.h" />
		<Unit filename="google/protobuf/compiler/java/java_primitive_field_lite.cc" />
		<Unit filename="google/protobuf/compiler/java/java_primitive_field_lite.h" />
		<Unit filename="google/protobuf/compiler/java/java_service.cc" />
		<Unit filename="google/protobuf/compiler/java/java_service.h" />
		<Unit filename="google/protobuf/compiler/java/java_shared_code_generator.cc" />
		<Unit filename="google/protobuf/compiler/java/java_shared_code_generator.h" />
		<Unit filename="google/protobuf/compiler/java/java_string_field.cc" />
		<Unit filename="google/protobuf/compiler/java/java_string_field.h" />
		<Unit filename="google/protobuf/compiler/java/java_string_field_lite.cc" />
		<Unit filename="google/protobuf/compiler/java/java_string_field_lite.h" />
		<Unit filename="google/protobuf/compiler/javanano/javanano_enum.cc" />
		<Unit filename="google/protobuf/compiler/javanano/javanano_enum.h" />
		<Unit filename="google/protobuf/compiler/javanano/javanano_enum_field.cc" />
		<Unit filename="google/protobuf/compiler/javanano/javanano_enum_field.h" />
		<Unit filename="google/protobuf/compiler/javanano/javanano_extension.cc" />
		<Unit filename="google/protobuf/compiler/javanano/javanano_extension.h" />
		<Unit filename="google/protobuf/compiler/javanano/javanano_field.cc" />
		<Unit filename="google/protobuf/compiler/javanano/javanano_field.h" />
		<Unit filename="google/protobuf/compiler/javanano/javanano_file.cc" />
		<Unit filename="google/protobuf/compiler/javanano/javanano_file.h" />
		<Unit filename="google/protobuf/compiler/javanano/javanano_generator.cc" />
		<Unit filename="google/protobuf/compiler/javanano/javanano_generator.h" />
		<Unit filename="google/protobuf/compiler/javanano/javanano_helpers.cc" />
		<Unit filename="google/protobuf/compiler/javanano/javanano_helpers.h" />
		<Unit filename="google/protobuf/compiler/javanano/javanano_map_field.cc" />
		<Unit filename="google/protobuf/compiler/javanano/javanano_map_field.h" />
		<Unit filename="google/protobuf/compiler/javanano/javanano_message.cc" />
		<Unit filename="google/protobuf/compiler/javanano/javanano_message.h" />
		<Unit filename="google/protobuf/compiler/javanano/javanano_message_field.cc" />
		<Unit filename="google/protobuf/compiler/javanano/javanano_message_field.h" />
		<Unit filename="google/protobuf/compiler/javanano/javanano_params.h" />
		<Unit filename="google/protobuf/compiler/javanano/javanano_primitive_field.cc" />
		<Unit filename="google/protobuf/compiler/javanano/javanano_primitive_field.h" />
		<Unit filename="google/protobuf/compiler/js/js_generator.cc" />
		<Unit filename="google/protobuf/compiler/js/js_generator.h" />
		<Unit filename="google/protobuf/compiler/mock_code_generator.h" />
		<Unit filename="google/protobuf/compiler/objectivec/objectivec_enum.cc" />
		<Unit filename="google/protobuf/compiler/objectivec/objectivec_enum.h" />
		<Unit filename="google/protobuf/compiler/objectivec/objectivec_enum_field.cc" />
		<Unit filename="google/protobuf/compiler/objectivec/objectivec_enum_field.h" />
		<Unit filename="google/protobuf/compiler/objectivec/objectivec_extension.cc" />
		<Unit filename="google/protobuf/compiler/objectivec/objectivec_extension.h" />
		<Unit filename="google/protobuf/compiler/objectivec/objectivec_field.cc" />
		<Unit filename="google/protobuf/compiler/objectivec/objectivec_field.h" />
		<Unit filename="google/protobuf/compiler/objectivec/objectivec_file.cc" />
		<Unit filename="google/protobuf/compiler/objectivec/objectivec_file.h" />
		<Unit filename="google/protobuf/compiler/objectivec/objectivec_generator.cc" />
		<Unit filename="google/protobuf/compiler/objectivec/objectivec_generator.h" />
		<Unit filename="google/protobuf/compiler/objectivec/objectivec_helpers.cc" />
		<Unit filename="google/protobuf/compiler/objectivec/objectivec_helpers.h" />
		<Unit filename="google/protobuf/compiler/objectivec/objectivec_map_field.cc" />
		<Unit filename="google/protobuf/compiler/objectivec/objectivec_map_field.h" />
		<Unit filename="google/protobuf/compiler/objectivec/objectivec_message.cc" />
		<Unit filename="google/protobuf/compiler/objectivec/objectivec_message.h" />
		<Unit filename="google/protobuf/compiler/objectivec/objectivec_message_field.cc" />
		<Unit filename="google/protobuf/compiler/objectivec/objectivec_message_field.h" />
		<Unit filename="google/protobuf/compiler/objectivec/objectivec_oneof.cc" />
		<Unit filename="google/protobuf/compiler/objectivec/objectivec_oneof.h" />
		<Unit filename="google/protobuf/compiler/objectivec/objectivec_primitive_field.cc" />
		<Unit filename="google/protobuf/compiler/objectivec/objectivec_primitive_field.h" />
		<Unit filename="google/protobuf/compiler/package_info.h" />
		<Unit filename="google/protobuf/compiler/parser.cc" />
		<Unit filename="google/protobuf/compiler/parser.h" />
		<Unit filename="google/protobuf/compiler/php/php_generator.cc" />
		<Unit filename="google/protobuf/compiler/php/php_generator.h" />
		<Unit filename="google/protobuf/compiler/plugin.cc" />
		<Unit filename="google/protobuf/compiler/plugin.h" />
		<Unit filename="google/protobuf/compiler/plugin.pb.cc" />
		<Unit filename="google/protobuf/compiler/plugin.pb.h" />
		<Unit filename="google/protobuf/compiler/python/python_generator.cc" />
		<Unit filename="google/protobuf/compiler/python/python_generator.h" />
		<Unit filename="google/protobuf/compiler/ruby/ruby_generator.cc" />
		<Unit filename="google/protobuf/compiler/ruby/ruby_generator.h" />
		<Unit filename="google/protobuf/compiler/subprocess.cc" />
		<Unit filename="google/protobuf/compiler/subprocess.h" />
		<Unit filename="google/protobuf/compiler/zip_writer.cc" />
		<Unit filename="google/protobuf/compiler/zip_writer.h" />
		<Unit filename="google/protobuf/descriptor.cc" />
		<Unit filename="google/protobuf/descriptor.h" />
		<Unit filename="google/protobuf/descriptor.pb.cc" />
		<Unit filename="google/protobuf/descriptor.pb.h" />
		<Unit filename="google/protobuf/descriptor_database.cc" />
		<Unit filename="google/protobuf/descriptor_database.h" />
		<Unit filename="google/protobuf/duration.pb.cc" />
		<Unit filename="google/protobuf/duration.pb.h" />
		<Unit filename="google/protobuf/dynamic_message.cc" />
		<Unit filename="google/protobuf/dynamic_message.h" />
		<Unit filename="google/protobuf/empty.pb.cc" />
		<Unit filename="google/protobuf/empty.pb.h" />
		<Unit filename="google/protobuf/extension_set.cc" />
		<Unit filename="google/protobuf/extension_set.h" />
		<Unit filename="google/protobuf/extension_set_heavy.cc" />
		<Unit filename="google/protobuf/field_mask.pb.cc" />
		<Unit filename="google/protobuf/field_mask.pb.h" />
		<Unit filename="google/protobuf/generated_enum_reflection.h" />
		<Unit filename="google/protobuf/generated_enum_util.h" />
		<Unit filename="google/protobuf/generated_message_reflection.cc" />
		<Unit filename="google/protobuf/generated_message_reflection.h" />
		<Unit filename="google/protobuf/generated_message_util.cc" />
		<Unit filename="google/protobuf/generated_message_util.h" />
		<Unit filename="google/protobuf/io/coded_stream.cc" />
		<Unit filename="google/protobuf/io/coded_stream.h" />
		<Unit filename="google/protobuf/io/coded_stream_inl.h" />
		<Unit filename="google/protobuf/io/gzip_stream.cc" />
		<Unit filename="google/protobuf/io/gzip_stream.h" />
		<Unit filename="google/protobuf/io/package_info.h" />
		<Unit filename="google/protobuf/io/printer.cc" />
		<Unit filename="google/protobuf/io/printer.h" />
		<Unit filename="google/protobuf/io/strtod.cc" />
		<Unit filename="google/protobuf/io/strtod.h" />
		<Unit filename="google/protobuf/io/tokenizer.cc" />
		<Unit filename="google/protobuf/io/tokenizer.h" />
		<Unit filename="google/protobuf/io/zero_copy_stream.cc" />
		<Unit filename="google/protobuf/io/zero_copy_stream.h" />
		<Unit filename="google/protobuf/io/zero_copy_stream_impl.cc" />
		<Unit filename="google/protobuf/io/zero_copy_stream_impl.h" />
		<Unit filename="google/protobuf/io/zero_copy_stream_impl_lite.cc" />
		<Unit filename="google/protobuf/io/zero_copy_stream_impl_lite.h" />
		<Unit filename="google/protobuf/map.h" />
		<Unit filename="google/protobuf/map_entry.h" />
		<Unit filename="google/protobuf/map_entry_lite.h" />
		<Unit filename="google/protobuf/map_field.cc" />
		<Unit filename="google/protobuf/map_field.h" />
		<Unit filename="google/protobuf/map_field_inl.h" />
		<Unit filename="google/protobuf/map_field_lite.h" />
		<Unit filename="google/protobuf/map_lite_test_util.h" />
		<Unit filename="google/protobuf/map_test_util.h" />
		<Unit filename="google/protobuf/map_test_util_impl.h" />
		<Unit filename="google/protobuf/map_type_handler.h" />
		<Unit filename="google/protobuf/message.cc" />
		<Unit filename="google/protobuf/message.h" />
		<Unit filename="google/protobuf/message_lite.cc" />
		<Unit filename="google/protobuf/message_lite.h" />
		<Unit filename="google/protobuf/metadata.h" />
		<Unit filename="google/protobuf/package_info.h" />
		<Unit filename="google/protobuf/reflection.h" />
		<Unit filename="google/protobuf/reflection_internal.h" />
		<Unit filename="google/protobuf/reflection_ops.cc" />
		<Unit filename="google/protobuf/reflection_ops.h" />
		<Unit filename="google/protobuf/repeated_field.cc" />
		<Unit filename="google/protobuf/repeated_field.h" />
		<Unit filename="google/protobuf/service.cc" />
		<Unit filename="google/protobuf/service.h" />
		<Unit filename="google/protobuf/source_context.pb.cc" />
		<Unit filename="google/protobuf/source_context.pb.h" />
		<Unit filename="google/protobuf/struct.pb.cc" />
		<Unit filename="google/protobuf/struct.pb.h" />
		<Unit filename="google/protobuf/stubs/atomic_sequence_num.h" />
		<Unit filename="google/protobuf/stubs/atomicops.h" />
		<Unit filename="google/protobuf/stubs/atomicops_internals_arm64_gcc.h" />
		<Unit filename="google/protobuf/stubs/atomicops_internals_arm_gcc.h" />
		<Unit filename="google/protobuf/stubs/atomicops_internals_arm_qnx.h" />
		<Unit filename="google/protobuf/stubs/atomicops_internals_atomicword_compat.h" />
		<Unit filename="google/protobuf/stubs/atomicops_internals_generic_gcc.h" />
		<Unit filename="google/protobuf/stubs/atomicops_internals_macosx.h" />
		<Unit filename="google/protobuf/stubs/atomicops_internals_mips_gcc.h" />
		<Unit filename="google/protobuf/stubs/atomicops_internals_pnacl.h" />
		<Unit filename="google/protobuf/stubs/atomicops_internals_power.h" />
		<Unit filename="google/protobuf/stubs/atomicops_internals_ppc_gcc.h" />
		<Unit filename="google/protobuf/stubs/atomicops_internals_solaris.h" />
		<Unit filename="google/protobuf/stubs/atomicops_internals_tsan.h" />
		<Unit filename="google/protobuf/stubs/atomicops_internals_x86_gcc.cc" />
		<Unit filename="google/protobuf/stubs/atomicops_internals_x86_gcc.h" />
		<Unit filename="google/protobuf/stubs/atomicops_internals_x86_msvc.h" />
		<Unit filename="google/protobuf/stubs/bytestream.cc" />
		<Unit filename="google/protobuf/stubs/bytestream.h" />
		<Unit filename="google/protobuf/stubs/callback.h" />
		<Unit filename="google/protobuf/stubs/casts.h" />
		<Unit filename="google/protobuf/stubs/common.cc" />
		<Unit filename="google/protobuf/stubs/common.h" />
		<Unit filename="google/protobuf/stubs/fastmem.h" />
		<Unit filename="google/protobuf/stubs/hash.h" />
		<Unit filename="google/protobuf/stubs/int128.cc" />
		<Unit filename="google/protobuf/stubs/int128.h" />
		<Unit filename="google/protobuf/stubs/logging.h" />
		<Unit filename="google/protobuf/stubs/macros.h" />
		<Unit filename="google/protobuf/stubs/map_util.h" />
		<Unit filename="google/protobuf/stubs/mathlimits.cc" />
		<Unit filename="google/protobuf/stubs/mathlimits.h" />
		<Unit filename="google/protobuf/stubs/mathutil.h" />
		<Unit filename="google/protobuf/stubs/mutex.h" />
		<Unit filename="google/protobuf/stubs/once.cc" />
		<Unit filename="google/protobuf/stubs/once.h" />
		<Unit filename="google/protobuf/stubs/platform_macros.h" />
		<Unit filename="google/protobuf/stubs/port.h" />
		<Unit filename="google/protobuf/stubs/scoped_ptr.h" />
		<Unit filename="google/protobuf/stubs/shared_ptr.h" />
		<Unit filename="google/protobuf/stubs/singleton.h" />
		<Unit filename="google/protobuf/stubs/status.cc" />
		<Unit filename="google/protobuf/stubs/status.h" />
		<Unit filename="google/protobuf/stubs/status_macros.h" />
		<Unit filename="google/protobuf/stubs/statusor.cc" />
		<Unit filename="google/protobuf/stubs/statusor.h" />
		<Unit filename="google/protobuf/stubs/stl_util.h" />
		<Unit filename="google/protobuf/stubs/stringpiece.cc" />
		<Unit filename="google/protobuf/stubs/stringpiece.h" />
		<Unit filename="google/protobuf/stubs/stringprintf.cc" />
		<Unit filename="google/protobuf/stubs/stringprintf.h" />
		<Unit filename="google/protobuf/stubs/structurally_valid.cc" />
		<Unit filename="google/protobuf/stubs/strutil.cc" />
		<Unit filename="google/protobuf/stubs/strutil.h" />
		<Unit filename="google/protobuf/stubs/substitute.cc" />
		<Unit filename="google/protobuf/stubs/substitute.h" />
		<Unit filename="google/protobuf/stubs/template_util.h" />
		<Unit filename="google/protobuf/stubs/time.cc" />
		<Unit filename="google/protobuf/stubs/time.h" />
		<Unit filename="google/protobuf/stubs/type_traits.h" />
		<Unit filename="google/protobuf/test_util.h" />
		<Unit filename="google/protobuf/test_util_lite.h" />
		<Unit filename="google/protobuf/testing/file.h" />
		<Unit filename="google/protobuf/testing/googletest.h" />
		<Unit filename="google/protobuf/text_format.cc" />
		<Unit filename="google/protobuf/text_format.h" />
		<Unit filename="google/protobuf/timestamp.pb.cc" />
		<Unit filename="google/protobuf/timestamp.pb.h" />
		<Unit filename="google/protobuf/type.pb.cc" />
		<Unit filename="google/protobuf/type.pb.h" />
		<Unit filename="google/protobuf/unknown_field_set.cc" />
		<Unit filename="google/protobuf/unknown_field_set.h" />
		<Unit filename="google/protobuf/util/field_comparator.cc" />
		<Unit filename="google/protobuf/util/field_comparator.h" />
		<Unit filename="google/protobuf/util/field_mask_util.cc" />
		<Unit filename="google/protobuf/util/field_mask_util.h" />
		<Unit filename="google/protobuf/util/internal/constants.h" />
		<Unit filename="google/protobuf/util/internal/datapiece.cc" />
		<Unit filename="google/protobuf/util/internal/datapiece.h" />
		<Unit filename="google/protobuf/util/internal/default_value_objectwriter.cc" />
		<Unit filename="google/protobuf/util/internal/default_value_objectwriter.h" />
		<Unit filename="google/protobuf/util/internal/error_listener.cc" />
		<Unit filename="google/protobuf/util/internal/error_listener.h" />
		<Unit filename="google/protobuf/util/internal/expecting_objectwriter.h" />
		<Unit filename="google/protobuf/util/internal/field_mask_utility.cc" />
		<Unit filename="google/protobuf/util/internal/field_mask_utility.h" />
		<Unit filename="google/protobuf/util/internal/json_escaping.cc" />
		<Unit filename="google/protobuf/util/internal/json_escaping.h" />
		<Unit filename="google/protobuf/util/internal/json_objectwriter.cc" />
		<Unit filename="google/protobuf/util/internal/json_objectwriter.h" />
		<Unit filename="google/protobuf/util/internal/json_stream_parser.cc" />
		<Unit filename="google/protobuf/util/internal/json_stream_parser.h" />
		<Unit filename="google/protobuf/util/internal/location_tracker.h" />
		<Unit filename="google/protobuf/util/internal/mock_error_listener.h" />
		<Unit filename="google/protobuf/util/internal/object_location_tracker.h" />
		<Unit filename="google/protobuf/util/internal/object_source.h" />
		<Unit filename="google/protobuf/util/internal/object_writer.cc" />
		<Unit filename="google/protobuf/util/internal/object_writer.h" />
		<Unit filename="google/protobuf/util/internal/proto_writer.cc" />
		<Unit filename="google/protobuf/util/internal/proto_writer.h" />
		<Unit filename="google/protobuf/util/internal/protostream_objectsource.cc" />
		<Unit filename="google/protobuf/util/internal/protostream_objectsource.h" />
		<Unit filename="google/protobuf/util/internal/protostream_objectwriter.cc" />
		<Unit filename="google/protobuf/util/internal/protostream_objectwriter.h" />
		<Unit filename="google/protobuf/util/internal/structured_objectwriter.h" />
		<Unit filename="google/protobuf/util/internal/type_info.cc" />
		<Unit filename="google/protobuf/util/internal/type_info.h" />
		<Unit filename="google/protobuf/util/internal/type_info_test_helper.cc" />
		<Unit filename="google/protobuf/util/internal/type_info_test_helper.h" />
		<Unit filename="google/protobuf/util/internal/utility.cc" />
		<Unit filename="google/protobuf/util/internal/utility.h" />
		<Unit filename="google/protobuf/util/json_util.cc" />
		<Unit filename="google/protobuf/util/json_util.h" />
		<Unit filename="google/protobuf/util/message_differencer.cc" />
		<Unit filename="google/protobuf/util/message_differencer.h" />
		<Unit filename="google/protobuf/util/package_info.h" />
		<Unit filename="google/protobuf/util/time_util.cc" />
		<Unit filename="google/protobuf/util/time_util.h" />
		<Unit filename="google/protobuf/util/type_resolver.h" />
		<Unit filename="google/protobuf/util/type_resolver_util.cc" />
		<Unit filename="google/protobuf/util/type_resolver_util.h" />
		<Unit filename="google/protobuf/wire_format.cc" />
		<Unit filename="google/protobuf/wire_format.h" />
		<Unit filename="google/protobuf/wire_format_lite.cc" />
		<Unit filename="google/protobuf/wire_format_lite.h" />
		<Unit filename="google/protobuf/wire_format_lite_inl.h" />
		<Unit filename="google/protobuf/wrappers.pb.cc" />
		<Unit filename="google/protobuf/wrappers.pb.h" />
		<Unit filename="protoc-c/c_bytes_field.cc" />
		<Unit filename="protoc-c/c_bytes_field.h" />
		<Unit filename="protoc-c/c_enum.cc" />
		<Unit filename="protoc-c/c_enum.h" />
		<Unit filename="protoc-c/c_enum_field.cc" />
		<Unit filename="protoc-c/c_enum_field.h" />
		<Unit filename="protoc-c/c_extension.cc" />
		<Unit filename="protoc-c/c_extension.h" />
		<Unit filename="protoc-c/c_field.cc" />
		<Unit filename="protoc-c/c_field.h" />
		<Unit filename="protoc-c/c_file.cc" />
		<Unit filename="protoc-c/c_file.h" />
		<Unit filename="protoc-c/c_generator.cc" />
		<Unit filename="protoc-c/c_generator.h" />
		<Unit filename="protoc-c/c_helpers.cc" />
		<Unit filename="protoc-c/c_helpers.h" />
		<Unit filename="protoc-c/c_message.cc" />
		<Unit filename="protoc-c/c_message.h" />
		<Unit filename="protoc-c/c_message_field.cc" />
		<Unit filename="protoc-c/c_message_field.h" />
		<Unit filename="protoc-c/c_primitive_field.cc" />
		<Unit filename="protoc-c/c_primitive_field.h" />
		<Unit filename="protoc-c/c_service.cc" />
		<Unit filename="protoc-c/c_service.h" />
		<Unit filename="protoc-c/c_string_field.cc" />
		<Unit filename="protoc-c/c_string_field.h" />
		<Unit filename="protoc-c/main.cc" />
		<Extensions>
			<code_completion />
			<debugger />
			<envvars />
		</Extensions>
	</Project>
</CodeBlocks_project_file>
