<?xml version="1.0" encoding="utf-8"?>
<Project ToolsVersion="4.0" xmlns="http://schemas.microsoft.com/developer/msbuild/2003">
  <ItemGroup>
    <Filter Include="Source Files">
      <UniqueIdentifier>{4367f57e-3d74-4571-bc06-5cff68cc9e7d}</UniqueIdentifier>
    </Filter>
    <Filter Include="Assembler Files">
      <UniqueIdentifier>{65f95fb7-9c4f-432d-9f1c-dcaf10b4fa98}</UniqueIdentifier>
    </Filter>
    <Filter Include="Header Files">
      <UniqueIdentifier>{021340c4-fd16-44d8-8a18-ca547e8988ee}</UniqueIdentifier>
    </Filter>
    <Filter Include="Header Files\src">
      <UniqueIdentifier>{406b6b77-8d77-405d-be25-07d175ed0468}</UniqueIdentifier>
    </Filter>
    <Filter Include="Header Files\src\compat">
      <UniqueIdentifier>{5106b889-9254-4534-b4fc-396ba8176918}</UniqueIdentifier>
    </Filter>
  </ItemGroup>
  <ItemGroup>
    <ClCompile Include="src\libmpg123\compat.c">
      <Filter>Source Files</Filter>
    </ClCompile>
    <ClCompile Include="src\libmpg123\dct64.c">
      <Filter>Source Files</Filter>
    </ClCompile>
    <ClCompile Include="src\libmpg123\dct64_altivec.c">
      <Filter>Source Files</Filter>
    </ClCompile>
    <ClCompile Include="src\libmpg123\dct64_i386.c">
      <Filter>Source Files</Filter>
    </ClCompile>
    <ClCompile Include="src\libmpg123\dct64_i486.c">
      <Filter>Source Files</Filter>
    </ClCompile>
    <ClCompile Include="src\libmpg123\dither.c">
      <Filter>Source Files</Filter>
    </ClCompile>
    <ClCompile Include="src\libmpg123\equalizer.c">
      <Filter>Source Files</Filter>
    </ClCompile>
    <ClCompile Include="src\libmpg123\feature.c">
      <Filter>Source Files</Filter>
    </ClCompile>
    <ClCompile Include="src\libmpg123\format.c">
      <Filter>Source Files</Filter>
    </ClCompile>
    <ClCompile Include="src\libmpg123\frame.c">
      <Filter>Source Files</Filter>
    </ClCompile>
    <ClCompile Include="src\libmpg123\getcpuflags_arm.c">
      <Filter>Source Files</Filter>
    </ClCompile>
    <ClCompile Include="src\libmpg123\icy.c">
      <Filter>Source Files</Filter>
    </ClCompile>
    <ClCompile Include="src\libmpg123\icy2utf8.c">
      <Filter>Source Files</Filter>
    </ClCompile>
    <ClCompile Include="src\libmpg123\id3.c">
      <Filter>Source Files</Filter>
    </ClCompile>
    <ClCompile Include="src\libmpg123\index.c">
      <Filter>Source Files</Filter>
    </ClCompile>
    <ClCompile Include="src\libmpg123\layer1.c">
      <Filter>Source Files</Filter>
    </ClCompile>
    <ClCompile Include="src\libmpg123\layer2.c">
      <Filter>Source Files</Filter>
    </ClCompile>
    <ClCompile Include="src\libmpg123\layer3.c">
      <Filter>Source Files</Filter>
    </ClCompile>
    <ClCompile Include="src\libmpg123\lfs_alias.c">
      <Filter>Source Files</Filter>
    </ClCompile>
    <ClCompile Include="src\libmpg123\lfs_wrap.c">
      <Filter>Source Files</Filter>
    </ClCompile>
    <ClCompile Include="src\libmpg123\libmpg123.c">
      <Filter>Source Files</Filter>
    </ClCompile>
    <ClCompile Include="src\libmpg123\ntom.c">
      <Filter>Source Files</Filter>
    </ClCompile>
    <ClCompile Include="src\libmpg123\optimize.c">
      <Filter>Source Files</Filter>
    </ClCompile>
    <ClCompile Include="src\libmpg123\parse.c">
      <Filter>Source Files</Filter>
    </ClCompile>
    <ClCompile Include="src\libmpg123\readers.c">
      <Filter>Source Files</Filter>
    </ClCompile>
    <ClCompile Include="src\libmpg123\stringbuf.c">
      <Filter>Source Files</Filter>
    </ClCompile>
    <ClCompile Include="src\libmpg123\synth.c">
      <Filter>Source Files</Filter>
    </ClCompile>
    <ClCompile Include="src\libmpg123\synth_8bit.c">
      <Filter>Source Files</Filter>
    </ClCompile>
    <ClCompile Include="src\libmpg123\synth_altivec.c">
      <Filter>Source Files</Filter>
    </ClCompile>
    <ClCompile Include="src\libmpg123\synth_i486.c">
      <Filter>Source Files</Filter>
    </ClCompile>
    <ClCompile Include="src\libmpg123\synth_real.c">
      <Filter>Source Files</Filter>
    </ClCompile>
    <ClCompile Include="src\libmpg123\synth_s32.c">
      <Filter>Source Files</Filter>
    </ClCompile>
    <ClCompile Include="src\libmpg123\tabinit.c">
      <Filter>Source Files</Filter>
    </ClCompile>
  </ItemGroup>
  <ItemGroup>
    <None Include="basempg123.def">
      <Filter>Source Files</Filter>
    </None>
  </ItemGroup>
  <ItemGroup>
    <CustomBuild Include="src\libmpg123\check_neon.S">
      <Filter>Assembler Files</Filter>
    </CustomBuild>
    <CustomBuild Include="src\libmpg123\dct36_3dnow.S">
      <Filter>Assembler Files</Filter>
    </CustomBuild>
    <CustomBuild Include="src\libmpg123\dct36_3dnowext.S">
      <Filter>Assembler Files</Filter>
    </CustomBuild>
    <CustomBuild Include="src\libmpg123\dct36_avx.S">
      <Filter>Assembler Files</Filter>
    </CustomBuild>
    <CustomBuild Include="src\libmpg123\dct36_neon.S">
      <Filter>Assembler Files</Filter>
    </CustomBuild>
    <CustomBuild Include="src\libmpg123\dct36_neon64.S">
      <Filter>Assembler Files</Filter>
    </CustomBuild>
    <CustomBuild Include="src\libmpg123\dct36_sse.S">
      <Filter>Assembler Files</Filter>
    </CustomBuild>
    <CustomBuild Include="src\libmpg123\dct36_x86_64.S">
      <Filter>Assembler Files</Filter>
    </CustomBuild>
    <CustomBuild Include="src\libmpg123\dct64_3dnow.S">
      <Filter>Assembler Files</Filter>
    </CustomBuild>
    <CustomBuild Include="src\libmpg123\dct64_3dnowext.S">
      <Filter>Assembler Files</Filter>
    </CustomBuild>
    <CustomBuild Include="src\libmpg123\dct64_avx.S">
      <Filter>Assembler Files</Filter>
    </CustomBuild>
    <CustomBuild Include="src\libmpg123\dct64_avx_float.S">
      <Filter>Assembler Files</Filter>
    </CustomBuild>
    <CustomBuild Include="src\libmpg123\dct64_mmx.S">
      <Filter>Assembler Files</Filter>
    </CustomBuild>
    <CustomBuild Include="src\libmpg123\dct64_neon.S">
      <Filter>Assembler Files</Filter>
    </CustomBuild>
    <CustomBuild Include="src\libmpg123\dct64_neon64.S">
      <Filter>Assembler Files</Filter>
    </CustomBuild>
    <CustomBuild Include="src\libmpg123\dct64_neon64_float.S">
      <Filter>Assembler Files</Filter>
    </CustomBuild>
    <CustomBuild Include="src\libmpg123\dct64_neon_float.S">
      <Filter>Assembler Files</Filter>
    </CustomBuild>
    <CustomBuild Include="src\libmpg123\dct64_sse.S">
      <Filter>Assembler Files</Filter>
    </CustomBuild>
    <CustomBuild Include="src\libmpg123\dct64_sse_float.S">
      <Filter>Assembler Files</Filter>
    </CustomBuild>
    <CustomBuild Include="src\libmpg123\dct64_x86_64.S">
      <Filter>Assembler Files</Filter>
    </CustomBuild>
    <CustomBuild Include="src\libmpg123\dct64_x86_64_float.S">
      <Filter>Assembler Files</Filter>
    </CustomBuild>
    <CustomBuild Include="src\libmpg123\equalizer_3dnow.S">
      <Filter>Assembler Files</Filter>
    </CustomBuild>
    <CustomBuild Include="src\libmpg123\getcpuflags.S">
      <Filter>Assembler Files</Filter>
    </CustomBuild>
    <CustomBuild Include="src\libmpg123\getcpuflags_x86_64.S">
      <Filter>Assembler Files</Filter>
    </CustomBuild>
    <CustomBuild Include="src\libmpg123\synth_3dnow.S">
      <Filter>Assembler Files</Filter>
    </CustomBuild>
    <CustomBuild Include="src\libmpg123\synth_3dnowext.S">
      <Filter>Assembler Files</Filter>
    </CustomBuild>
    <CustomBuild Include="src\libmpg123\synth_arm.S">
      <Filter>Assembler Files</Filter>
    </CustomBuild>
    <CustomBuild Include="src\libmpg123\synth_arm_accurate.S">
      <Filter>Assembler Files</Filter>
    </CustomBuild>
    <CustomBuild Include="src\libmpg123\synth_i586.S">
      <Filter>Assembler Files</Filter>
    </CustomBuild>
    <CustomBuild Include="src\libmpg123\synth_i586_dither.S">
      <Filter>Assembler Files</Filter>
    </CustomBuild>
    <CustomBuild Include="src\libmpg123\synth_mmx.S">
      <Filter>Assembler Files</Filter>
    </CustomBuild>
    <CustomBuild Include="src\libmpg123\synth_neon.S">
      <Filter>Assembler Files</Filter>
    </CustomBuild>
    <CustomBuild Include="src\libmpg123\synth_neon64.S">
      <Filter>Assembler Files</Filter>
    </CustomBuild>
    <CustomBuild Include="src\libmpg123\synth_neon64_accurate.S">
      <Filter>Assembler Files</Filter>
    </CustomBuild>
    <CustomBuild Include="src\libmpg123\synth_neon64_float.S">
      <Filter>Assembler Files</Filter>
    </CustomBuild>
    <CustomBuild Include="src\libmpg123\synth_neon64_s32.S">
      <Filter>Assembler Files</Filter>
    </CustomBuild>
    <CustomBuild Include="src\libmpg123\synth_neon_accurate.S">
      <Filter>Assembler Files</Filter>
    </CustomBuild>
    <CustomBuild Include="src\libmpg123\synth_neon_float.S">
      <Filter>Assembler Files</Filter>
    </CustomBuild>
    <CustomBuild Include="src\libmpg123\synth_neon_s32.S">
      <Filter>Assembler Files</Filter>
    </CustomBuild>
    <CustomBuild Include="src\libmpg123\synth_sse.S">
      <Filter>Assembler Files</Filter>
    </CustomBuild>
    <CustomBuild Include="src\libmpg123\synth_sse_accurate.S">
      <Filter>Assembler Files</Filter>
    </CustomBuild>
    <CustomBuild Include="src\libmpg123\synth_sse_float.S">
      <Filter>Assembler Files</Filter>
    </CustomBuild>
    <CustomBuild Include="src\libmpg123\synth_sse_s32.S">
      <Filter>Assembler Files</Filter>
    </CustomBuild>
    <CustomBuild Include="src\libmpg123\synth_stereo_avx.S">
      <Filter>Assembler Files</Filter>
    </CustomBuild>
    <CustomBuild Include="src\libmpg123\synth_stereo_avx_accurate.S">
      <Filter>Assembler Files</Filter>
    </CustomBuild>
    <CustomBuild Include="src\libmpg123\synth_stereo_avx_float.S">
      <Filter>Assembler Files</Filter>
    </CustomBuild>
    <CustomBuild Include="src\libmpg123\synth_stereo_avx_s32.S">
      <Filter>Assembler Files</Filter>
    </CustomBuild>
    <CustomBuild Include="src\libmpg123\synth_stereo_neon.S">
      <Filter>Assembler Files</Filter>
    </CustomBuild>
    <CustomBuild Include="src\libmpg123\synth_stereo_neon64.S">
      <Filter>Assembler Files</Filter>
    </CustomBuild>
    <CustomBuild Include="src\libmpg123\synth_stereo_neon64_accurate.S">
      <Filter>Assembler Files</Filter>
    </CustomBuild>
    <CustomBuild Include="src\libmpg123\synth_stereo_neon64_float.S">
      <Filter>Assembler Files</Filter>
    </CustomBuild>
    <CustomBuild Include="src\libmpg123\synth_stereo_neon64_s32.S">
      <Filter>Assembler Files</Filter>
    </CustomBuild>
    <CustomBuild Include="src\libmpg123\synth_stereo_neon_accurate.S">
      <Filter>Assembler Files</Filter>
    </CustomBuild>
    <CustomBuild Include="src\libmpg123\synth_stereo_neon_float.S">
      <Filter>Assembler Files</Filter>
    </CustomBuild>
    <CustomBuild Include="src\libmpg123\synth_stereo_neon_s32.S">
      <Filter>Assembler Files</Filter>
    </CustomBuild>
    <CustomBuild Include="src\libmpg123\synth_stereo_sse_accurate.S">
      <Filter>Assembler Files</Filter>
    </CustomBuild>
    <CustomBuild Include="src\libmpg123\synth_stereo_sse_float.S">
      <Filter>Assembler Files</Filter>
    </CustomBuild>
    <CustomBuild Include="src\libmpg123\synth_stereo_sse_s32.S">
      <Filter>Assembler Files</Filter>
    </CustomBuild>
    <CustomBuild Include="src\libmpg123\synth_stereo_x86_64.S">
      <Filter>Assembler Files</Filter>
    </CustomBuild>
    <CustomBuild Include="src\libmpg123\synth_stereo_x86_64_accurate.S">
      <Filter>Assembler Files</Filter>
    </CustomBuild>
    <CustomBuild Include="src\libmpg123\synth_stereo_x86_64_float.S">
      <Filter>Assembler Files</Filter>
    </CustomBuild>
    <CustomBuild Include="src\libmpg123\synth_stereo_x86_64_s32.S">
      <Filter>Assembler Files</Filter>
    </CustomBuild>
    <CustomBuild Include="src\libmpg123\synth_x86_64.S">
      <Filter>Assembler Files</Filter>
    </CustomBuild>
    <CustomBuild Include="src\libmpg123\synth_x86_64_accurate.S">
      <Filter>Assembler Files</Filter>
    </CustomBuild>
    <CustomBuild Include="src\libmpg123\synth_x86_64_float.S">
      <Filter>Assembler Files</Filter>
    </CustomBuild>
    <CustomBuild Include="src\libmpg123\synth_x86_64_s32.S">
      <Filter>Assembler Files</Filter>
    </CustomBuild>
    <CustomBuild Include="src\libmpg123\tabinit_mmx.S">
      <Filter>Assembler Files</Filter>
    </CustomBuild>
  </ItemGroup>
  <ItemGroup>
    <ClInclude Include="src\config.h">
      <Filter>Header Files</Filter>
    </ClInclude>
    <ClInclude Include="src\compat\compat.h">
      <Filter>Header Files\src\compat</Filter>
    </ClInclude>
    <ClInclude Include="src\compat\compat_impl.h">
      <Filter>Header Files\src\compat</Filter>
    </ClInclude>
  </ItemGroup>
</Project>