<?xml version="1.0" encoding="utf-8"?>
<Project ToolsVersion="4.0" xmlns="http://schemas.microsoft.com/developer/msbuild/2003">
  <ItemGroup>
    <Filter Include="framework">
      <UniqueIdentifier>{87993e50-a784-408f-84a4-e8e0289bd0f6}</UniqueIdentifier>
    </Filter>
    <Filter Include="Header Files">
      <UniqueIdentifier>{7810e434-21ab-40c4-8fa5-f5157000cfeb}</UniqueIdentifier>
    </Filter>
    <Filter Include="Source Files">
      <UniqueIdentifier>{828d8098-d407-4acb-bb48-4c936dcbaa87}</UniqueIdentifier>
    </Filter>
  </ItemGroup>
  <ItemGroup>
    <ClInclude Include="src\config.h">
      <Filter>Header Files</Filter>
    </ClInclude>
  </ItemGroup>
  <ItemGroup>
    <None Include="basempg123.def">
      <Filter>Source Files</Filter>
    </None>
  </ItemGroup>
  <ItemGroup>
    <ClCompile Include="src\libmpg123\compat.c">
      <Filter>Source Files</Filter>
    </ClCompile>
    <ClCompile Include="src\libmpg123\dct64.c">
      <Filter>Source Files</Filter>
    </ClCompile>
    <ClCompile Include="src\libmpg123\dct64_altivec.c">
      <Filter>Source Files</Filter>
    </ClCompile>
    <ClCompile Include="src\libmpg123\dct64_i386.c">
      <Filter>Source Files</Filter>
    </ClCompile>
    <ClCompile Include="src\libmpg123\dct64_i486.c">
      <Filter>Source Files</Filter>
    </ClCompile>
    <ClCompile Include="src\libmpg123\dither.c">
      <Filter>Source Files</Filter>
    </ClCompile>
    <ClCompile Include="src\libmpg123\equalizer.c">
      <Filter>Source Files</Filter>
    </ClCompile>
    <ClCompile Include="src\libmpg123\feature.c">
      <Filter>Source Files</Filter>
    </ClCompile>
    <ClCompile Include="src\libmpg123\format.c">
      <Filter>Source Files</Filter>
    </ClCompile>
    <ClCompile Include="src\libmpg123\frame.c">
      <Filter>Source Files</Filter>
    </ClCompile>
    <ClCompile Include="src\libmpg123\getcpuflags_arm.c">
      <Filter>Source Files</Filter>
    </ClCompile>
    <ClCompile Include="src\libmpg123\icy.c">
      <Filter>Source Files</Filter>
    </ClCompile>
    <ClCompile Include="src\libmpg123\icy2utf8.c">
      <Filter>Source Files</Filter>
    </ClCompile>
    <ClCompile Include="src\libmpg123\id3.c">
      <Filter>Source Files</Filter>
    </ClCompile>
    <ClCompile Include="src\libmpg123\index.c">
      <Filter>Source Files</Filter>
    </ClCompile>
    <ClCompile Include="src\libmpg123\layer1.c">
      <Filter>Source Files</Filter>
    </ClCompile>
    <ClCompile Include="src\libmpg123\layer2.c">
      <Filter>Source Files</Filter>
    </ClCompile>
    <ClCompile Include="src\libmpg123\layer3.c">
      <Filter>Source Files</Filter>
    </ClCompile>
    <ClCompile Include="src\libmpg123\lfs_alias.c">
      <Filter>Source Files</Filter>
    </ClCompile>
    <ClCompile Include="src\libmpg123\lfs_wrap.c">
      <Filter>Source Files</Filter>
    </ClCompile>
    <ClCompile Include="src\libmpg123\libmpg123.c">
      <Filter>Source Files</Filter>
    </ClCompile>
    <ClCompile Include="src\libmpg123\ntom.c">
      <Filter>Source Files</Filter>
    </ClCompile>
    <ClCompile Include="src\libmpg123\optimize.c">
      <Filter>Source Files</Filter>
    </ClCompile>
    <ClCompile Include="src\libmpg123\parse.c">
      <Filter>Source Files</Filter>
    </ClCompile>
    <ClCompile Include="src\libmpg123\readers.c">
      <Filter>Source Files</Filter>
    </ClCompile>
    <ClCompile Include="src\libmpg123\stringbuf.c">
      <Filter>Source Files</Filter>
    </ClCompile>
    <ClCompile Include="src\libmpg123\synth.c">
      <Filter>Source Files</Filter>
    </ClCompile>
    <ClCompile Include="src\libmpg123\synth_8bit.c">
      <Filter>Source Files</Filter>
    </ClCompile>
    <ClCompile Include="src\libmpg123\synth_altivec.c">
      <Filter>Source Files</Filter>
    </ClCompile>
    <ClCompile Include="src\libmpg123\synth_i486.c">
      <Filter>Source Files</Filter>
    </ClCompile>
    <ClCompile Include="src\libmpg123\synth_real.c">
      <Filter>Source Files</Filter>
    </ClCompile>
    <ClCompile Include="src\libmpg123\synth_s32.c">
      <Filter>Source Files</Filter>
    </ClCompile>
    <ClCompile Include="src\libmpg123\tabinit.c">
      <Filter>Source Files</Filter>
    </ClCompile>
  </ItemGroup>
</Project>