<?xml version="1.0" encoding="utf-8"?>
<Project ToolsVersion="4.0" xmlns="http://schemas.microsoft.com/developer/msbuild/2003">
  <ItemGroup>
    <Filter Include="Source Files">
      <UniqueIdentifier>{b1c922b7-ee4f-46da-9c53-13fcc1e31083}</UniqueIdentifier>
      <Extensions>cpp;c;cxx;rc;def;r;odl;idl;hpj;bat</Extensions>
    </Filter>
    <Filter Include="Header Files">
      <UniqueIdentifier>{9a6f9efa-8502-4be4-a220-915547511274}</UniqueIdentifier>
      <Extensions>h;hpp;hxx;hm;inl</Extensions>
    </Filter>
    <Filter Include="Source Files\ssl">
      <UniqueIdentifier>{130aeab8-3cd1-4907-b14c-4b23b9ea2afc}</UniqueIdentifier>
    </Filter>
    <Filter Include="Assembler Files">
      <UniqueIdentifier>{ed1652d6-6243-4c53-aad9-093b00530b76}</UniqueIdentifier>
    </Filter>
    <Filter Include="Assembler Files\aes">
      <UniqueIdentifier>{d9709819-9f64-4f52-a220-69621bca67e6}</UniqueIdentifier>
    </Filter>
    <Filter Include="Assembler Files\rc4">
      <UniqueIdentifier>{2074d654-fc2a-457b-a470-c54803f22386}</UniqueIdentifier>
    </Filter>
    <Filter Include="Assembler Files\md5">
      <UniqueIdentifier>{5c284f5d-8a3d-4cf4-bd4e-2fda4b1f1919}</UniqueIdentifier>
    </Filter>
    <Filter Include="Assembler Files\camellia">
      <UniqueIdentifier>{9d33e760-f816-42b9-9aee-f5df7c885d9a}</UniqueIdentifier>
    </Filter>
    <Filter Include="Assembler Files\bn">
      <UniqueIdentifier>{af62d56d-1ba9-462e-bcb7-b261cf6107f2}</UniqueIdentifier>
    </Filter>
    <Filter Include="Assembler Files\sha">
      <UniqueIdentifier>{92079a6e-51f1-4c54-8383-0ecaf61c221f}</UniqueIdentifier>
    </Filter>
    <Filter Include="Assembler Files\whrlpool">
      <UniqueIdentifier>{5b4aa46f-1c3f-45d5-a91b-5092318e7b80}</UniqueIdentifier>
    </Filter>
  </ItemGroup>
  <ItemGroup>
    <ClCompile Include="ssl\bio_ssl.c">
      <Filter>Source Files\ssl</Filter>
    </ClCompile>
    <ClCompile Include="ssl\d1_both.c">
      <Filter>Source Files\ssl</Filter>
    </ClCompile>
    <ClCompile Include="ssl\d1_clnt.c">
      <Filter>Source Files\ssl</Filter>
    </ClCompile>
    <ClCompile Include="ssl\d1_enc.c">
      <Filter>Source Files\ssl</Filter>
    </ClCompile>
    <ClCompile Include="ssl\d1_lib.c">
      <Filter>Source Files\ssl</Filter>
    </ClCompile>
    <ClCompile Include="ssl\d1_meth.c">
      <Filter>Source Files\ssl</Filter>
    </ClCompile>
    <ClCompile Include="ssl\d1_pkt.c">
      <Filter>Source Files\ssl</Filter>
    </ClCompile>
    <ClCompile Include="ssl\d1_srtp.c">
      <Filter>Source Files\ssl</Filter>
    </ClCompile>
    <ClCompile Include="ssl\d1_srvr.c">
      <Filter>Source Files\ssl</Filter>
    </ClCompile>
    <ClCompile Include="ssl\heartbeat_test.c">
      <Filter>Source Files\ssl</Filter>
    </ClCompile>
    <ClCompile Include="ssl\kssl.c">
      <Filter>Source Files\ssl</Filter>
    </ClCompile>
    <ClCompile Include="ssl\s2_clnt.c">
      <Filter>Source Files\ssl</Filter>
    </ClCompile>
    <ClCompile Include="ssl\s2_enc.c">
      <Filter>Source Files\ssl</Filter>
    </ClCompile>
    <ClCompile Include="ssl\s2_lib.c">
      <Filter>Source Files\ssl</Filter>
    </ClCompile>
    <ClCompile Include="ssl\s2_meth.c">
      <Filter>Source Files\ssl</Filter>
    </ClCompile>
    <ClCompile Include="ssl\s2_pkt.c">
      <Filter>Source Files\ssl</Filter>
    </ClCompile>
    <ClCompile Include="ssl\s2_srvr.c">
      <Filter>Source Files\ssl</Filter>
    </ClCompile>
    <ClCompile Include="ssl\s3_both.c">
      <Filter>Source Files\ssl</Filter>
    </ClCompile>
    <ClCompile Include="ssl\s3_cbc.c">
      <Filter>Source Files\ssl</Filter>
    </ClCompile>
    <ClCompile Include="ssl\s3_clnt.c">
      <Filter>Source Files\ssl</Filter>
    </ClCompile>
    <ClCompile Include="ssl\s3_enc.c">
      <Filter>Source Files\ssl</Filter>
    </ClCompile>
    <ClCompile Include="ssl\s3_lib.c">
      <Filter>Source Files\ssl</Filter>
    </ClCompile>
    <ClCompile Include="ssl\s3_meth.c">
      <Filter>Source Files\ssl</Filter>
    </ClCompile>
    <ClCompile Include="ssl\s3_pkt.c">
      <Filter>Source Files\ssl</Filter>
    </ClCompile>
    <ClCompile Include="ssl\s3_srvr.c">
      <Filter>Source Files\ssl</Filter>
    </ClCompile>
    <ClCompile Include="ssl\s23_clnt.c">
      <Filter>Source Files\ssl</Filter>
    </ClCompile>
    <ClCompile Include="ssl\s23_lib.c">
      <Filter>Source Files\ssl</Filter>
    </ClCompile>
    <ClCompile Include="ssl\s23_meth.c">
      <Filter>Source Files\ssl</Filter>
    </ClCompile>
    <ClCompile Include="ssl\s23_pkt.c">
      <Filter>Source Files\ssl</Filter>
    </ClCompile>
    <ClCompile Include="ssl\s23_srvr.c">
      <Filter>Source Files\ssl</Filter>
    </ClCompile>
    <ClCompile Include="ssl\ssl_algs.c">
      <Filter>Source Files\ssl</Filter>
    </ClCompile>
    <ClCompile Include="ssl\ssl_asn1.c">
      <Filter>Source Files\ssl</Filter>
    </ClCompile>
    <ClCompile Include="ssl\ssl_cert.c">
      <Filter>Source Files\ssl</Filter>
    </ClCompile>
    <ClCompile Include="ssl\ssl_ciph.c">
      <Filter>Source Files\ssl</Filter>
    </ClCompile>
    <ClCompile Include="ssl\ssl_err.c">
      <Filter>Source Files\ssl</Filter>
    </ClCompile>
    <ClCompile Include="ssl\ssl_err2.c">
      <Filter>Source Files\ssl</Filter>
    </ClCompile>
    <ClCompile Include="ssl\ssl_lib.c">
      <Filter>Source Files\ssl</Filter>
    </ClCompile>
    <ClCompile Include="ssl\ssl_rsa.c">
      <Filter>Source Files\ssl</Filter>
    </ClCompile>
    <ClCompile Include="ssl\ssl_sess.c">
      <Filter>Source Files\ssl</Filter>
    </ClCompile>
    <ClCompile Include="ssl\ssl_stat.c">
      <Filter>Source Files\ssl</Filter>
    </ClCompile>
    <ClCompile Include="ssl\ssl_task.c">
      <Filter>Source Files\ssl</Filter>
    </ClCompile>
    <ClCompile Include="ssl\ssl_txt.c">
      <Filter>Source Files\ssl</Filter>
    </ClCompile>
    <ClCompile Include="ssl\ssl_utst.c">
      <Filter>Source Files\ssl</Filter>
    </ClCompile>
    <ClCompile Include="ssl\ssltest.c">
      <Filter>Source Files\ssl</Filter>
    </ClCompile>
    <ClCompile Include="ssl\t1_clnt.c">
      <Filter>Source Files\ssl</Filter>
    </ClCompile>
    <ClCompile Include="ssl\t1_enc.c">
      <Filter>Source Files\ssl</Filter>
    </ClCompile>
    <ClCompile Include="ssl\t1_lib.c">
      <Filter>Source Files\ssl</Filter>
    </ClCompile>
    <ClCompile Include="ssl\t1_meth.c">
      <Filter>Source Files\ssl</Filter>
    </ClCompile>
    <ClCompile Include="ssl\t1_reneg.c">
      <Filter>Source Files\ssl</Filter>
    </ClCompile>
    <ClCompile Include="ssl\t1_srvr.c">
      <Filter>Source Files\ssl</Filter>
    </ClCompile>
    <ClCompile Include="ssl\tls_srp.c">
      <Filter>Source Files\ssl</Filter>
    </ClCompile>
    <ClCompile Include="ssl\_ssl.c">
      <Filter>Source Files\ssl</Filter>
    </ClCompile>
  </ItemGroup>
  <ItemGroup>
    <ClInclude Include="..\..\..\nodeapp\include\openssl\aep.h">
      <Filter>Header Files</Filter>
    </ClInclude>
    <ClInclude Include="..\..\..\nodeapp\include\openssl\aes.h">
      <Filter>Header Files</Filter>
    </ClInclude>
    <ClInclude Include="..\..\..\nodeapp\include\openssl\aes_locl.h">
      <Filter>Header Files</Filter>
    </ClInclude>
    <ClInclude Include="..\..\..\nodeapp\include\openssl\arm_arch.h">
      <Filter>Header Files</Filter>
    </ClInclude>
    <ClInclude Include="..\..\..\nodeapp\include\openssl\asn1.h">
      <Filter>Header Files</Filter>
    </ClInclude>
    <ClInclude Include="..\..\..\nodeapp\include\openssl\asn1_locl.h">
      <Filter>Header Files</Filter>
    </ClInclude>
    <ClInclude Include="..\..\..\nodeapp\include\openssl\asn1_mac.h">
      <Filter>Header Files</Filter>
    </ClInclude>
    <ClInclude Include="..\..\..\nodeapp\include\openssl\asn1t.h">
      <Filter>Header Files</Filter>
    </ClInclude>
    <ClInclude Include="..\..\..\nodeapp\include\openssl\atalla.h">
      <Filter>Header Files</Filter>
    </ClInclude>
    <ClInclude Include="..\..\..\nodeapp\include\openssl\bf_locl.h">
      <Filter>Header Files</Filter>
    </ClInclude>
    <ClInclude Include="..\..\..\nodeapp\include\openssl\bf_pi.h">
      <Filter>Header Files</Filter>
    </ClInclude>
    <ClInclude Include="..\..\..\nodeapp\include\openssl\bio.h">
      <Filter>Header Files</Filter>
    </ClInclude>
    <ClInclude Include="..\..\..\nodeapp\include\openssl\bio_lcl.h">
      <Filter>Header Files</Filter>
    </ClInclude>
    <ClInclude Include="..\..\..\nodeapp\include\openssl\blowfish.h">
      <Filter>Header Files</Filter>
    </ClInclude>
    <ClInclude Include="..\..\..\nodeapp\include\openssl\bn.h">
      <Filter>Header Files</Filter>
    </ClInclude>
    <ClInclude Include="..\..\..\nodeapp\include\openssl\bn_lcl.h">
      <Filter>Header Files</Filter>
    </ClInclude>
    <ClInclude Include="..\..\..\nodeapp\include\openssl\bn_prime.h">
      <Filter>Header Files</Filter>
    </ClInclude>
    <ClInclude Include="..\..\..\nodeapp\include\openssl\buffer.h">
      <Filter>Header Files</Filter>
    </ClInclude>
    <ClInclude Include="..\..\..\nodeapp\include\openssl\camellia.h">
      <Filter>Header Files</Filter>
    </ClInclude>
    <ClInclude Include="..\..\..\nodeapp\include\openssl\cast.h">
      <Filter>Header Files</Filter>
    </ClInclude>
    <ClInclude Include="..\..\..\nodeapp\include\openssl\cast_lcl.h">
      <Filter>Header Files</Filter>
    </ClInclude>
    <ClInclude Include="..\..\..\nodeapp\include\openssl\cast_s.h">
      <Filter>Header Files</Filter>
    </ClInclude>
    <ClInclude Include="..\..\..\nodeapp\include\openssl\charmap.h">
      <Filter>Header Files</Filter>
    </ClInclude>
    <ClInclude Include="..\..\..\nodeapp\include\openssl\cmac.h">
      <Filter>Header Files</Filter>
    </ClInclude>
    <ClInclude Include="..\..\..\nodeapp\include\openssl\cmll_locl.h">
      <Filter>Header Files</Filter>
    </ClInclude>
    <ClInclude Include="..\..\..\nodeapp\include\openssl\cms.h">
      <Filter>Header Files</Filter>
    </ClInclude>
    <ClInclude Include="..\..\..\nodeapp\include\openssl\cms_lcl.h">
      <Filter>Header Files</Filter>
    </ClInclude>
    <ClInclude Include="..\..\..\nodeapp\include\openssl\comp.h">
      <Filter>Header Files</Filter>
    </ClInclude>
    <ClInclude Include="..\..\..\nodeapp\include\openssl\conf.h">
      <Filter>Header Files</Filter>
    </ClInclude>
    <ClInclude Include="..\..\..\nodeapp\include\openssl\conf_api.h">
      <Filter>Header Files</Filter>
    </ClInclude>
    <ClInclude Include="..\..\..\nodeapp\include\openssl\conf_def.h">
      <Filter>Header Files</Filter>
    </ClInclude>
    <ClInclude Include="..\..\..\nodeapp\include\openssl\cryptlib.h">
      <Filter>Header Files</Filter>
    </ClInclude>
    <ClInclude Include="..\..\..\nodeapp\include\openssl\crypto.h">
      <Filter>Header Files</Filter>
    </ClInclude>
    <ClInclude Include="..\..\..\nodeapp\include\openssl\cswift.h">
      <Filter>Header Files</Filter>
    </ClInclude>
    <ClInclude Include="..\..\..\nodeapp\include\openssl\des.h">
      <Filter>Header Files</Filter>
    </ClInclude>
    <ClInclude Include="..\..\..\nodeapp\include\openssl\des_locl.h">
      <Filter>Header Files</Filter>
    </ClInclude>
    <ClInclude Include="..\..\..\nodeapp\include\openssl\des_old.h">
      <Filter>Header Files</Filter>
    </ClInclude>
    <ClInclude Include="..\..\..\nodeapp\include\openssl\des_ver.h">
      <Filter>Header Files</Filter>
    </ClInclude>
    <ClInclude Include="..\..\..\nodeapp\include\openssl\dh.h">
      <Filter>Header Files</Filter>
    </ClInclude>
    <ClInclude Include="..\..\..\nodeapp\include\openssl\dsa.h">
      <Filter>Header Files</Filter>
    </ClInclude>
    <ClInclude Include="..\..\..\nodeapp\include\openssl\dsa_locl.h">
      <Filter>Header Files</Filter>
    </ClInclude>
    <ClInclude Include="..\..\..\nodeapp\include\openssl\dso.h">
      <Filter>Header Files</Filter>
    </ClInclude>
    <ClInclude Include="..\..\..\nodeapp\include\openssl\dtls1.h">
      <Filter>Header Files</Filter>
    </ClInclude>
    <ClInclude Include="..\..\..\nodeapp\include\openssl\e_4758cca_err.h">
      <Filter>Header Files</Filter>
    </ClInclude>
    <ClInclude Include="..\..\..\nodeapp\include\openssl\e_aep_err.h">
      <Filter>Header Files</Filter>
    </ClInclude>
    <ClInclude Include="..\..\..\nodeapp\include\openssl\e_atalla_err.h">
      <Filter>Header Files</Filter>
    </ClInclude>
    <ClInclude Include="..\..\..\nodeapp\include\openssl\e_capi_err.h">
      <Filter>Header Files</Filter>
    </ClInclude>
    <ClInclude Include="..\..\..\nodeapp\include\openssl\e_chil_err.h">
      <Filter>Header Files</Filter>
    </ClInclude>
    <ClInclude Include="..\..\..\nodeapp\include\openssl\e_cswift_err.h">
      <Filter>Header Files</Filter>
    </ClInclude>
    <ClInclude Include="..\..\..\nodeapp\include\openssl\e_gmp_err.h">
      <Filter>Header Files</Filter>
    </ClInclude>
    <ClInclude Include="..\..\..\nodeapp\include\openssl\e_gost_err.h">
      <Filter>Header Files</Filter>
    </ClInclude>
    <ClInclude Include="..\..\..\nodeapp\include\openssl\e_nuron_err.h">
      <Filter>Header Files</Filter>
    </ClInclude>
    <ClInclude Include="..\..\..\nodeapp\include\openssl\e_os.h">
      <Filter>Header Files</Filter>
    </ClInclude>
    <ClInclude Include="..\..\..\nodeapp\include\openssl\e_os2.h">
      <Filter>Header Files</Filter>
    </ClInclude>
    <ClInclude Include="..\..\..\nodeapp\include\openssl\e_os2_ca2specific.h">
      <Filter>Header Files</Filter>
    </ClInclude>
    <ClInclude Include="..\..\..\nodeapp\include\openssl\e_os2_original.h">
      <Filter>Header Files</Filter>
    </ClInclude>
    <ClInclude Include="..\..\..\nodeapp\include\openssl\e_sureware_err.h">
      <Filter>Header Files</Filter>
    </ClInclude>
    <ClInclude Include="..\..\..\nodeapp\include\openssl\e_ubsec_err.h">
      <Filter>Header Files</Filter>
    </ClInclude>
    <ClInclude Include="..\..\..\nodeapp\include\openssl\ebcdic.h">
      <Filter>Header Files</Filter>
    </ClInclude>
    <ClInclude Include="..\..\..\nodeapp\include\openssl\ec.h">
      <Filter>Header Files</Filter>
    </ClInclude>
    <ClInclude Include="..\..\..\nodeapp\include\openssl\ec_lcl.h">
      <Filter>Header Files</Filter>
    </ClInclude>
    <ClInclude Include="..\..\..\nodeapp\include\openssl\ecdh.h">
      <Filter>Header Files</Filter>
    </ClInclude>
    <ClInclude Include="..\..\..\nodeapp\include\openssl\ecdsa.h">
      <Filter>Header Files</Filter>
    </ClInclude>
    <ClInclude Include="..\..\..\nodeapp\include\openssl\ech_locl.h">
      <Filter>Header Files</Filter>
    </ClInclude>
    <ClInclude Include="..\..\..\nodeapp\include\openssl\ecs_locl.h">
      <Filter>Header Files</Filter>
    </ClInclude>
    <ClInclude Include="..\..\..\nodeapp\include\openssl\eng_int.h">
      <Filter>Header Files</Filter>
    </ClInclude>
    <ClInclude Include="..\..\..\nodeapp\include\openssl\engine.h">
      <Filter>Header Files</Filter>
    </ClInclude>
    <ClInclude Include="..\..\..\nodeapp\include\openssl\err.h">
      <Filter>Header Files</Filter>
    </ClInclude>
    <ClInclude Include="..\..\..\nodeapp\include\openssl\evp.h">
      <Filter>Header Files</Filter>
    </ClInclude>
    <ClInclude Include="..\..\..\nodeapp\include\openssl\evp_locl.h">
      <Filter>Header Files</Filter>
    </ClInclude>
    <ClInclude Include="..\..\..\nodeapp\include\openssl\ext_dat.h">
      <Filter>Header Files</Filter>
    </ClInclude>
    <ClInclude Include="..\..\..\nodeapp\include\openssl\fips_err.h">
      <Filter>Header Files</Filter>
    </ClInclude>
    <ClInclude Include="..\..\..\nodeapp\include\openssl\gost_keywrap.h">
      <Filter>Header Files</Filter>
    </ClInclude>
    <ClInclude Include="..\..\..\nodeapp\include\openssl\gost_lcl.h">
      <Filter>Header Files</Filter>
    </ClInclude>
    <ClInclude Include="..\..\..\nodeapp\include\openssl\gost_params.h">
      <Filter>Header Files</Filter>
    </ClInclude>
    <ClInclude Include="..\..\..\nodeapp\include\openssl\gost89.h">
      <Filter>Header Files</Filter>
    </ClInclude>
    <ClInclude Include="..\..\..\nodeapp\include\openssl\gost2001_keyx.h">
      <Filter>Header Files</Filter>
    </ClInclude>
    <ClInclude Include="..\..\..\nodeapp\include\openssl\gosthash.h">
      <Filter>Header Files</Filter>
    </ClInclude>
    <ClInclude Include="..\..\..\nodeapp\include\openssl\hmac.h">
      <Filter>Header Files</Filter>
    </ClInclude>
    <ClInclude Include="..\..\..\nodeapp\include\openssl\hw_4758_cca.h">
      <Filter>Header Files</Filter>
    </ClInclude>
    <ClInclude Include="..\..\..\nodeapp\include\openssl\hw_ubsec.h">
      <Filter>Header Files</Filter>
    </ClInclude>
    <ClInclude Include="..\..\..\nodeapp\include\openssl\hwcryptohook.h">
      <Filter>Header Files</Filter>
    </ClInclude>
    <ClInclude Include="..\..\..\nodeapp\include\openssl\idea.h">
      <Filter>Header Files</Filter>
    </ClInclude>
    <ClInclude Include="..\..\..\nodeapp\include\openssl\idea_lcl.h">
      <Filter>Header Files</Filter>
    </ClInclude>
    <ClInclude Include="..\..\..\nodeapp\include\openssl\jpake.h">
      <Filter>Header Files</Filter>
    </ClInclude>
    <ClInclude Include="..\..\..\nodeapp\include\openssl\krb5_asn.h">
      <Filter>Header Files</Filter>
    </ClInclude>
    <ClInclude Include="..\..\..\nodeapp\include\openssl\kssl.h">
      <Filter>Header Files</Filter>
    </ClInclude>
    <ClInclude Include="..\..\..\nodeapp\include\openssl\kssl_lcl.h">
      <Filter>Header Files</Filter>
    </ClInclude>
    <ClInclude Include="..\..\..\nodeapp\include\openssl\lhash.h">
      <Filter>Header Files</Filter>
    </ClInclude>
    <ClInclude Include="..\..\..\nodeapp\include\openssl\md2.h">
      <Filter>Header Files</Filter>
    </ClInclude>
    <ClInclude Include="..\..\..\nodeapp\include\openssl\md4.h">
      <Filter>Header Files</Filter>
    </ClInclude>
    <ClInclude Include="..\..\..\nodeapp\include\openssl\md4_locl.h">
      <Filter>Header Files</Filter>
    </ClInclude>
    <ClInclude Include="..\..\..\nodeapp\include\openssl\md5.h">
      <Filter>Header Files</Filter>
    </ClInclude>
    <ClInclude Include="..\..\..\nodeapp\include\openssl\md5_locl.h">
      <Filter>Header Files</Filter>
    </ClInclude>
    <ClInclude Include="..\..\..\nodeapp\include\openssl\md32_common.h">
      <Filter>Header Files</Filter>
    </ClInclude>
    <ClInclude Include="..\..\..\nodeapp\include\openssl\mdc2.h">
      <Filter>Header Files</Filter>
    </ClInclude>
    <ClInclude Include="..\..\..\nodeapp\include\openssl\modes.h">
      <Filter>Header Files</Filter>
    </ClInclude>
    <ClInclude Include="..\..\..\nodeapp\include\openssl\modes_lcl.h">
      <Filter>Header Files</Filter>
    </ClInclude>
    <ClInclude Include="..\..\..\nodeapp\include\openssl\o_dir.h">
      <Filter>Header Files</Filter>
    </ClInclude>
    <ClInclude Include="..\..\..\nodeapp\include\openssl\o_str.h">
      <Filter>Header Files</Filter>
    </ClInclude>
    <ClInclude Include="..\..\..\nodeapp\include\openssl\o_time.h">
      <Filter>Header Files</Filter>
    </ClInclude>
    <ClInclude Include="..\..\..\nodeapp\include\openssl\obj_dat.h">
      <Filter>Header Files</Filter>
    </ClInclude>
    <ClInclude Include="..\..\..\nodeapp\include\openssl\obj_mac.h">
      <Filter>Header Files</Filter>
    </ClInclude>
    <ClInclude Include="..\..\..\nodeapp\include\openssl\obj_xref.h">
      <Filter>Header Files</Filter>
    </ClInclude>
    <ClInclude Include="..\..\..\nodeapp\include\openssl\objects.h">
      <Filter>Header Files</Filter>
    </ClInclude>
    <ClInclude Include="..\..\..\nodeapp\include\openssl\ocsp.h">
      <Filter>Header Files</Filter>
    </ClInclude>
    <ClInclude Include="..\..\..\nodeapp\include\openssl\opensslconf.h">
      <Filter>Header Files</Filter>
    </ClInclude>
    <ClInclude Include="..\..\..\nodeapp\include\openssl\opensslv.h">
      <Filter>Header Files</Filter>
    </ClInclude>
    <ClInclude Include="..\..\..\nodeapp\include\openssl\ossl_typ.h">
      <Filter>Header Files</Filter>
    </ClInclude>
    <ClInclude Include="..\..\..\nodeapp\include\openssl\pcy_int.h">
      <Filter>Header Files</Filter>
    </ClInclude>
    <ClInclude Include="..\..\..\nodeapp\include\openssl\pem.h">
      <Filter>Header Files</Filter>
    </ClInclude>
    <ClInclude Include="..\..\..\nodeapp\include\openssl\pem2.h">
      <Filter>Header Files</Filter>
    </ClInclude>
    <ClInclude Include="..\..\..\nodeapp\include\openssl\pkcs7.h">
      <Filter>Header Files</Filter>
    </ClInclude>
    <ClInclude Include="..\..\..\nodeapp\include\openssl\pkcs12.h">
      <Filter>Header Files</Filter>
    </ClInclude>
    <ClInclude Include="..\..\..\nodeapp\include\openssl\pqueue.h">
      <Filter>Header Files</Filter>
    </ClInclude>
    <ClInclude Include="..\..\..\nodeapp\include\openssl\rand.h">
      <Filter>Header Files</Filter>
    </ClInclude>
    <ClInclude Include="..\..\..\nodeapp\include\openssl\rand_lcl.h">
      <Filter>Header Files</Filter>
    </ClInclude>
    <ClInclude Include="..\..\..\nodeapp\include\openssl\rc2.h">
      <Filter>Header Files</Filter>
    </ClInclude>
    <ClInclude Include="..\..\..\nodeapp\include\openssl\rc2_locl.h">
      <Filter>Header Files</Filter>
    </ClInclude>
    <ClInclude Include="..\..\..\nodeapp\include\openssl\rc4.h">
      <Filter>Header Files</Filter>
    </ClInclude>
    <ClInclude Include="..\..\..\nodeapp\include\openssl\rc4_locl.h">
      <Filter>Header Files</Filter>
    </ClInclude>
    <ClInclude Include="..\..\..\nodeapp\include\openssl\rc5.h">
      <Filter>Header Files</Filter>
    </ClInclude>
    <ClInclude Include="..\..\..\nodeapp\include\openssl\rc5_locl.h">
      <Filter>Header Files</Filter>
    </ClInclude>
    <ClInclude Include="..\..\..\nodeapp\include\openssl\ripemd.h">
      <Filter>Header Files</Filter>
    </ClInclude>
    <ClInclude Include="..\..\..\nodeapp\include\openssl\rmd_locl.h">
      <Filter>Header Files</Filter>
    </ClInclude>
    <ClInclude Include="..\..\..\nodeapp\include\openssl\rmdconst.h">
      <Filter>Header Files</Filter>
    </ClInclude>
    <ClInclude Include="..\..\..\nodeapp\include\openssl\rpc_des.h">
      <Filter>Header Files</Filter>
    </ClInclude>
    <ClInclude Include="..\..\..\nodeapp\include\openssl\rsa.h">
      <Filter>Header Files</Filter>
    </ClInclude>
    <ClInclude Include="..\..\..\nodeapp\include\openssl\rsa_locl.h">
      <Filter>Header Files</Filter>
    </ClInclude>
    <ClInclude Include="..\..\..\nodeapp\include\openssl\safestack.h">
      <Filter>Header Files</Filter>
    </ClInclude>
    <ClInclude Include="..\..\..\nodeapp\include\openssl\seed.h">
      <Filter>Header Files</Filter>
    </ClInclude>
    <ClInclude Include="..\..\..\nodeapp\include\openssl\seed_locl.h">
      <Filter>Header Files</Filter>
    </ClInclude>
    <ClInclude Include="..\..\..\nodeapp\include\openssl\sha.h">
      <Filter>Header Files</Filter>
    </ClInclude>
    <ClInclude Include="..\..\..\nodeapp\include\openssl\sha_locl.h">
      <Filter>Header Files</Filter>
    </ClInclude>
    <ClInclude Include="..\..\..\nodeapp\include\openssl\spr.h">
      <Filter>Header Files</Filter>
    </ClInclude>
    <ClInclude Include="..\..\..\nodeapp\include\openssl\srp.h">
      <Filter>Header Files</Filter>
    </ClInclude>
    <ClInclude Include="..\..\..\nodeapp\include\openssl\srp_grps.h">
      <Filter>Header Files</Filter>
    </ClInclude>
    <ClInclude Include="..\..\..\nodeapp\include\openssl\srp_lcl.h">
      <Filter>Header Files</Filter>
    </ClInclude>
    <ClInclude Include="..\..\..\nodeapp\include\openssl\srtp.h">
      <Filter>Header Files</Filter>
    </ClInclude>
    <ClInclude Include="..\..\..\nodeapp\include\openssl\ssl.h">
      <Filter>Header Files</Filter>
    </ClInclude>
    <ClInclude Include="..\..\..\nodeapp\include\openssl\ssl_locl.h">
      <Filter>Header Files</Filter>
    </ClInclude>
    <ClInclude Include="..\..\..\nodeapp\include\openssl\ssl2.h">
      <Filter>Header Files</Filter>
    </ClInclude>
    <ClInclude Include="..\..\..\nodeapp\include\openssl\ssl3.h">
      <Filter>Header Files</Filter>
    </ClInclude>
    <ClInclude Include="..\..\..\nodeapp\include\openssl\ssl23.h">
      <Filter>Header Files</Filter>
    </ClInclude>
    <ClInclude Include="..\..\..\nodeapp\include\openssl\stack.h">
      <Filter>Header Files</Filter>
    </ClInclude>
    <ClInclude Include="..\..\..\nodeapp\include\openssl\store.h">
      <Filter>Header Files</Filter>
    </ClInclude>
    <ClInclude Include="..\..\..\nodeapp\include\openssl\str_locl.h">
      <Filter>Header Files</Filter>
    </ClInclude>
    <ClInclude Include="..\..\..\nodeapp\include\openssl\sureware.h">
      <Filter>Header Files</Filter>
    </ClInclude>
    <ClInclude Include="..\..\..\nodeapp\include\openssl\symhacks.h">
      <Filter>Header Files</Filter>
    </ClInclude>
    <ClInclude Include="..\..\..\nodeapp\include\openssl\tls1.h">
      <Filter>Header Files</Filter>
    </ClInclude>
    <ClInclude Include="..\..\..\nodeapp\include\openssl\ts.h">
      <Filter>Header Files</Filter>
    </ClInclude>
    <ClInclude Include="..\..\..\nodeapp\include\openssl\txt_db.h">
      <Filter>Header Files</Filter>
    </ClInclude>
    <ClInclude Include="..\..\..\nodeapp\include\openssl\ui.h">
      <Filter>Header Files</Filter>
    </ClInclude>
    <ClInclude Include="..\..\..\nodeapp\include\openssl\ui_compat.h">
      <Filter>Header Files</Filter>
    </ClInclude>
    <ClInclude Include="..\..\..\nodeapp\include\openssl\ui_locl.h">
      <Filter>Header Files</Filter>
    </ClInclude>
    <ClInclude Include="..\..\..\nodeapp\include\openssl\vms_rms.h">
      <Filter>Header Files</Filter>
    </ClInclude>
    <ClInclude Include="..\..\..\nodeapp\include\openssl\whrlpool.h">
      <Filter>Header Files</Filter>
    </ClInclude>
    <ClInclude Include="..\..\..\nodeapp\include\openssl\wp_locl.h">
      <Filter>Header Files</Filter>
    </ClInclude>
    <ClInclude Include="..\..\..\nodeapp\include\openssl\x509.h">
      <Filter>Header Files</Filter>
    </ClInclude>
    <ClInclude Include="..\..\..\nodeapp\include\openssl\x509_vfy.h">
      <Filter>Header Files</Filter>
    </ClInclude>
    <ClInclude Include="..\..\..\nodeapp\include\openssl\x509v3.h">
      <Filter>Header Files</Filter>
    </ClInclude>
  </ItemGroup>
  <ItemGroup>
    <None Include="asm\x64-win32-masm\aes\aesni-sha1-x86_64.asm">
      <Filter>Assembler Files\aes</Filter>
    </None>
    <None Include="asm\x64-win32-masm\aes\aesni-x86_64.asm">
      <Filter>Assembler Files\aes</Filter>
    </None>
    <None Include="asm\x64-win32-masm\aes\aes-x86_64.asm">
      <Filter>Assembler Files\aes</Filter>
    </None>
    <None Include="asm\x64-win32-masm\md5\md5-x86_64.asm">
      <Filter>Assembler Files\md5</Filter>
    </None>
    <None Include="asm\x64-win32-masm\camellia\cmll-x86_64.asm">
      <Filter>Assembler Files\camellia</Filter>
    </None>
    <None Include="asm\x64-win32-masm\bn\modexp512-x86_64.asm">
      <Filter>Assembler Files\bn</Filter>
    </None>
    <None Include="asm\x64-win32-masm\bn\x86_64-mont.asm">
      <Filter>Assembler Files\bn</Filter>
    </None>
    <None Include="asm\x64-win32-masm\sha\sha1-x86_64.asm">
      <Filter>Assembler Files\sha</Filter>
    </None>
    <None Include="asm\x64-win32-masm\sha\sha512-x86_64.asm">
      <Filter>Assembler Files\sha</Filter>
    </None>
    <None Include="asm\x64-win32-masm\whrlpool\wp-x86_64.asm">
      <Filter>Assembler Files\whrlpool</Filter>
    </None>
    <None Include="asm\x64-win32-masm\x86_64cpuid.asm">
      <Filter>Assembler Files</Filter>
    </None>
    <None Include="asm\x64-win32-masm\rc4\rc4-md5-x86_64.asm">
      <Filter>Assembler Files\rc4</Filter>
    </None>
    <None Include="asm\x64-win32-masm\rc4\rc4-x86_64.asm">
      <Filter>Assembler Files\rc4</Filter>
    </None>
    <None Include="openssl.def">
      <Filter>Source Files</Filter>
    </None>
  </ItemGroup>
</Project>